// !$*UTF8*$!
{
	archiveVersion = 1;
	classes = {
	};
	objectVersion = 56;
	objects = {

/* Begin PBXBuildFile section */
		D91000000000000000000001 /* PerformanceTrace.swift in Sources */ = {isa = PBXBuildFile; fileRef = D92000000000000000000001 /* PerformanceTrace.swift */; };
		069C71A03B2B4AD78C77A8C2 /* InflowTestBootstrap.swift in Sources */ = {isa = PBXBuildFile; fileRef = 61EBDC3D8E9549FEB7B18BD3 /* InflowTestBootstrap.swift */; };
		A10000000000000000000001 /* InflowApp.swift in Sources */ = {isa = PBXBuildFile; fileRef = A20000000000000000000001 /* InflowApp.swift */; };
		A10000000000000000000002 /* MarkdownEditorView.swift in Sources */ = {isa = PBXBuildFile; fileRef = A20000000000000000000002 /* MarkdownEditorView.swift */; };
		A10000000000000000000003 /* InflowCoreBridge.swift in Sources */ = {isa = PBXBuildFile; fileRef = A20000000000000000000003 /* InflowCoreBridge.swift */; };
		A10000000000000000000004 /* MarkdownDocument.swift in Sources */ = {isa = PBXBuildFile; fileRef = A20000000000000000000006 /* MarkdownDocument.swift */; };
		A10000000000000000000005 /* MarkdownCodec.swift in Sources */ = {isa = PBXBuildFile; fileRef = A20000000000000000000007 /* MarkdownCodec.swift */; };
		A10000000000000000000006 /* MarkdownCodecTests.swift in Sources */ = {isa = PBXBuildFile; fileRef = A2000000000000000000000A /* MarkdownCodecTests.swift */; };
		A10000000000000000000007 /* MarkdownRendererTests.swift in Sources */ = {isa = PBXBuildFile; fileRef = A2000000000000000000000C /* MarkdownRendererTests.swift */; };
		A10000000000000000000008 /* MarkdownRenderer.swift in Sources */ = {isa = PBXBuildFile; fileRef = A2000000000000000000000D /* MarkdownRenderer.swift */; };
		A1000000000000000000000B /* MarkdownAnalyzer.swift in Sources */ = {isa = PBXBuildFile; fileRef = A20000000000000000000010 /* MarkdownAnalyzer.swift */; };
		A1000000000000000000000C /* MarkdownSourceEditor.swift in Sources */ = {isa = PBXBuildFile; fileRef = A20000000000000000000011 /* MarkdownSourceEditor.swift */; };
		A1000000000000000000000D /* DocumentOutlineView.swift in Sources */ = {isa = PBXBuildFile; fileRef = A20000000000000000000012 /* DocumentOutlineView.swift */; };
		A1000000000000000000000E /* MarkdownAnalyzerTests.swift in Sources */ = {isa = PBXBuildFile; fileRef = A20000000000000000000013 /* MarkdownAnalyzerTests.swift */; };
		A1000000000000000000000F /* MarkdownSearcher.swift in Sources */ = {isa = PBXBuildFile; fileRef = A20000000000000000000014 /* MarkdownSearcher.swift */; };
		A10000000000000000000010 /* DocumentFindBar.swift in Sources */ = {isa = PBXBuildFile; fileRef = A20000000000000000000015 /* DocumentFindBar.swift */; };
		A10000000000000000000011 /* DocumentFindCommands.swift in Sources */ = {isa = PBXBuildFile; fileRef = A20000000000000000000016 /* DocumentFindCommands.swift */; };
		A10000000000000000000012 /* MarkdownSearcherTests.swift in Sources */ = {isa = PBXBuildFile; fileRef = A20000000000000000000017 /* MarkdownSearcherTests.swift */; };
		A10000000000000000000013 /* EditorViewModeCommands.swift in Sources */ = {isa = PBXBuildFile; fileRef = A20000000000000000000018 /* EditorViewModeCommands.swift */; };
		A10000000000000000000014 /* EditorViewModeCommandsTests.swift in Sources */ = {isa = PBXBuildFile; fileRef = A20000000000000000000019 /* EditorViewModeCommandsTests.swift */; };
		A10000000000000000000015 /* HTMLExporter.swift in Sources */ = {isa = PBXBuildFile; fileRef = A2000000000000000000001A /* HTMLExporter.swift */; };
		A10000000000000000000016 /* HTMLExportCommands.swift in Sources */ = {isa = PBXBuildFile; fileRef = A2000000000000000000001B /* HTMLExportCommands.swift */; };
		A10000000000000000000017 /* HTMLExporterTests.swift in Sources */ = {isa = PBXBuildFile; fileRef = A2000000000000000000001C /* HTMLExporterTests.swift */; };
		A10000000000000000000018 /* MarkdownFormatter.swift in Sources */ = {isa = PBXBuildFile; fileRef = A2000000000000000000001D /* MarkdownFormatter.swift */; };
		A10000000000000000000019 /* MarkdownFormatCommands.swift in Sources */ = {isa = PBXBuildFile; fileRef = A2000000000000000000001E /* MarkdownFormatCommands.swift */; };
		A1000000000000000000001A /* MarkdownFormatterTests.swift in Sources */ = {isa = PBXBuildFile; fileRef = A2000000000000000000001F /* MarkdownFormatterTests.swift */; };
		A1000000000000000000001B /* MarkdownInsertCommands.swift in Sources */ = {isa = PBXBuildFile; fileRef = A20000000000000000000020 /* MarkdownInsertCommands.swift */; };
		A1000000000000000000001C /* MarkdownLinkInsertionView.swift in Sources */ = {isa = PBXBuildFile; fileRef = A20000000000000000000021 /* MarkdownLinkInsertionView.swift */; };
		A1000000000000000000001D /* MarkdownInsertionTests.swift in Sources */ = {isa = PBXBuildFile; fileRef = A20000000000000000000022 /* MarkdownInsertionTests.swift */; };
		A1000000000000000000001E /* LocalImageResolver.swift in Sources */ = {isa = PBXBuildFile; fileRef = A20000000000000000000023 /* LocalImageResolver.swift */; };
		A1000000000000000000001F /* ImageAssetImporter.swift in Sources */ = {isa = PBXBuildFile; fileRef = A20000000000000000000024 /* ImageAssetImporter.swift */; };
		A10000000000000000000020 /* PDFExporter.swift in Sources */ = {isa = PBXBuildFile; fileRef = A20000000000000000000025 /* PDFExporter.swift */; };
		A10000000000000000000021 /* DocumentRecovery.swift in Sources */ = {isa = PBXBuildFile; fileRef = A20000000000000000000026 /* DocumentRecovery.swift */; };
		A10000000000000000000022 /* RecoveryCenterView.swift in Sources */ = {isa = PBXBuildFile; fileRef = A20000000000000000000027 /* RecoveryCenterView.swift */; };
		A10000000000000000000023 /* DocumentRecoveryTests.swift in Sources */ = {isa = PBXBuildFile; fileRef = A20000000000000000000028 /* DocumentRecoveryTests.swift */; };
		A10000000000000000000024 /* DocumentFileSafety.swift in Sources */ = {isa = PBXBuildFile; fileRef = A20000000000000000000029 /* DocumentFileSafety.swift */; };
		A10000000000000000000025 /* DocumentFileSafetyView.swift in Sources */ = {isa = PBXBuildFile; fileRef = A2000000000000000000002A /* DocumentFileSafetyView.swift */; };
		A10000000000000000000026 /* DocumentFileSafetyTests.swift in Sources */ = {isa = PBXBuildFile; fileRef = A2000000000000000000002B /* DocumentFileSafetyTests.swift */; };
		A10000000000000000000027 /* DocumentRelocation.swift in Sources */ = {isa = PBXBuildFile; fileRef = A2000000000000000000002C /* DocumentRelocation.swift */; };
		A10000000000000000000028 /* DocumentSaveCommands.swift in Sources */ = {isa = PBXBuildFile; fileRef = A2000000000000000000002D /* DocumentSaveCommands.swift */; };
		A10000000000000000000029 /* DocumentRelocationView.swift in Sources */ = {isa = PBXBuildFile; fileRef = A2000000000000000000002E /* DocumentRelocationView.swift */; };
		A1000000000000000000002A /* DocumentRelocationTests.swift in Sources */ = {isa = PBXBuildFile; fileRef = A2000000000000000000002F /* DocumentRelocationTests.swift */; };
		A1000000000000000000002B /* AppPreferences.swift in Sources */ = {isa = PBXBuildFile; fileRef = A20000000000000000000030 /* AppPreferences.swift */; };
		A1000000000000000000002C /* InflowSettingsView.swift in Sources */ = {isa = PBXBuildFile; fileRef = A20000000000000000000031 /* InflowSettingsView.swift */; };
		A1000000000000000000002D /* AppPreferencesTests.swift in Sources */ = {isa = PBXBuildFile; fileRef = A20000000000000000000032 /* AppPreferencesTests.swift */; };
		A10000000000000000000030 /* AnonymousUsageDataTests.swift in Sources */ = {isa = PBXBuildFile; fileRef = A20000000000000000000035 /* AnonymousUsageDataTests.swift */; };
		A10000000000000000000031 /* PreviewLinkNavigation.swift in Sources */ = {isa = PBXBuildFile; fileRef = A20000000000000000000036 /* PreviewLinkNavigation.swift */; };
		A10000000000000000000032 /* MarkdownHighlighter.swift in Sources */ = {isa = PBXBuildFile; fileRef = A20000000000000000000037 /* MarkdownHighlighter.swift */; };
		A10000000000000000000033 /* MarkdownHighlighterTests.swift in Sources */ = {isa = PBXBuildFile; fileRef = A20000000000000000000038 /* MarkdownHighlighterTests.swift */; };
		A10000000000000000000034 /* WritingModeCommands.swift in Sources */ = {isa = PBXBuildFile; fileRef = A20000000000000000000039 /* WritingModeCommands.swift */; };
		A10000000000000000000035 /* WritingModeTests.swift in Sources */ = {isa = PBXBuildFile; fileRef = A2000000000000000000003A /* WritingModeTests.swift */; };
		A10000000000000000000036 /* PreviewZoomCommands.swift in Sources */ = {isa = PBXBuildFile; fileRef = A2000000000000000000003B /* PreviewZoomCommands.swift */; };
		A10000000000000000000037 /* PreviewZoomCommandsTests.swift in Sources */ = {isa = PBXBuildFile; fileRef = A2000000000000000000003C /* PreviewZoomCommandsTests.swift */; };
		A10000000000000000000038 /* InflowHelp.swift in Sources */ = {isa = PBXBuildFile; fileRef = A2000000000000000000003D /* InflowHelp.swift */; };
		A10000000000000000000039 /* InflowHelpTests.swift in Sources */ = {isa = PBXBuildFile; fileRef = A2000000000000000000003E /* InflowHelpTests.swift */; };
		A1000000000000000000003A /* RecentDocuments.swift in Sources */ = {isa = PBXBuildFile; fileRef = A2000000000000000000003F /* RecentDocuments.swift */; };
		A1000000000000000000003B /* RecentDocumentsTests.swift in Sources */ = {isa = PBXBuildFile; fileRef = A20000000000000000000040 /* RecentDocumentsTests.swift */; };
		A1000000000000000000003C /* PersistentSplitView.swift in Sources */ = {isa = PBXBuildFile; fileRef = A20000000000000000000041 /* PersistentSplitView.swift */; };
		A1000000000000000000003D /* Assets.xcassets in Resources */ = {isa = PBXBuildFile; fileRef = A20000000000000000000042 /* Assets.xcassets */; };
		A1000000000000000000003E /* PrivacyInfo.xcprivacy in Resources */ = {isa = PBXBuildFile; fileRef = A20000000000000000000043 /* PrivacyInfo.xcprivacy */; };
		A1000000000000000000003F /* LaunchJourneyTests.swift in Sources */ = {isa = PBXBuildFile; fileRef = A20000000000000000000044 /* LaunchJourneyTests.swift */; };
		A10000000000000000000040 /* FolderBrowser.swift in Sources */ = {isa = PBXBuildFile; fileRef = A20000000000000000000045 /* FolderBrowser.swift */; };
		A10000000000000000000041 /* FolderBrowserTests.swift in Sources */ = {isa = PBXBuildFile; fileRef = A20000000000000000000046 /* FolderBrowserTests.swift */; };
		B10000000000000000000001 /* LocalFailureLog.swift in Sources */ = {isa = PBXBuildFile; fileRef = B20000000000000000000001 /* LocalFailureLog.swift */; };
		B10000000000000000000002 /* LocalFailureLogTests.swift in Sources */ = {isa = PBXBuildFile; fileRef = B20000000000000000000002 /* LocalFailureLogTests.swift */; };
		B1000000000000000000000B /* MarkdownInlineProjection.swift in Sources */ = {isa = PBXBuildFile; fileRef = B2000000000000000000000B /* MarkdownInlineProjection.swift */; };
		B1000000000000000000000C /* MarkdownEditingTransactions.swift in Sources */ = {isa = PBXBuildFile; fileRef = B2000000000000000000000C /* MarkdownEditingTransactions.swift */; };
		B1000000000000000000000D /* MarkdownClipboard.swift in Sources */ = {isa = PBXBuildFile; fileRef = B2000000000000000000000D /* MarkdownClipboard.swift */; };
		B1000000000000000000000E /* MarkdownTableMathPreview.swift in Sources */ = {isa = PBXBuildFile; fileRef = B2000000000000000000000E /* MarkdownTableMathPreview.swift */; };
		B10000000000000000000003 /* RenderedMarkdownEditor.swift in Sources */ = {isa = PBXBuildFile; fileRef = B20000000000000000000003 /* RenderedMarkdownEditor.swift */; };
		B10000000000000000000004 /* RenderedMarkdownEditorTests.swift in Sources */ = {isa = PBXBuildFile; fileRef = B20000000000000000000004 /* RenderedMarkdownEditorTests.swift */; };
		C10000000000000000000001 /* EditorEngineClient.swift in Sources */ = {isa = PBXBuildFile; fileRef = C20000000000000000000001 /* EditorEngineClient.swift */; };
		C10000000000000000000002 /* EditorEngineClientTests.swift in Sources */ = {isa = PBXBuildFile; fileRef = C20000000000000000000002 /* EditorEngineClientTests.swift */; };
		C10000000000000000000003 /* EditorStore.swift in Sources */ = {isa = PBXBuildFile; fileRef = C20000000000000000000003 /* EditorStore.swift */; };
		C10000000000000000000004 /* CoreDTO.swift in Sources */ = {isa = PBXBuildFile; fileRef = C20000000000000000000004 /* CoreDTO.swift */; };
		C10000000000000000000005 /* EditorViewSupport.swift in Sources */ = {isa = PBXBuildFile; fileRef = C20000000000000000000005 /* EditorViewSupport.swift */; };
		C10000000000000000000006 /* EditorExportSupport.swift in Sources */ = {isa = PBXBuildFile; fileRef = C20000000000000000000006 /* EditorExportSupport.swift */; };
		C10000000000000000000007 /* EditorChrome.swift in Sources */ = {isa = PBXBuildFile; fileRef = C20000000000000000000007 /* EditorChrome.swift */; };
		C10000000000000000000008 /* SourceEditorSupport.swift in Sources */ = {isa = PBXBuildFile; fileRef = C20000000000000000000008 /* SourceEditorSupport.swift */; };
        D10000000000000000000001 /* JavaScriptRendering.swift in Sources */ = {isa = PBXBuildFile; fileRef = D20000000000000000000001; };
        D10000000000000000000002 /* JavaScript in Resources */ = {isa = PBXBuildFile; fileRef = D20000000000000000000002; };
		B10000000000000000000020 /* MarkdownInputState.swift in Sources */ = {isa = PBXBuildFile; fileRef = B20000000000000000000020 /* MarkdownInputState.swift */; };
		B10000000000000000000021 /* MarkdownSourceEditorSession.swift in Sources */ = {isa = PBXBuildFile; fileRef = B20000000000000000000021 /* MarkdownSourceEditorSession.swift */; };
		B10000000000000000000022 /* MarkdownLineNumberRulerView.swift in Sources */ = {isa = PBXBuildFile; fileRef = B20000000000000000000022 /* MarkdownLineNumberRulerView.swift */; };
		B10000000000000000000023 /* MarkdownNativeGeometry.swift in Sources */ = {isa = PBXBuildFile; fileRef = B20000000000000000000023 /* MarkdownNativeGeometry.swift */; };
		B10000000000000000000024 /* WindowAwareTextView.swift in Sources */ = {isa = PBXBuildFile; fileRef = B20000000000000000000024 /* WindowAwareTextView.swift */; };
		B10000000000000000000025 /* RenderedMarkdownImageView.swift in Sources */ = {isa = PBXBuildFile; fileRef = B20000000000000000000025 /* RenderedMarkdownImageView.swift */; };
		B10000000000000000000026 /* RenderedMarkdownTableView.swift in Sources */ = {isa = PBXBuildFile; fileRef = B20000000000000000000026 /* RenderedMarkdownTableView.swift */; };
		B10000000000000000000056 /* MarkdownTableToolbar.swift in Sources */ = {isa = PBXBuildFile; fileRef = B20000000000000000000056 /* MarkdownTableToolbar.swift */; };
		B10000000000000000000027 /* MarkdownTypingStyleProjection.swift in Sources */ = {isa = PBXBuildFile; fileRef = B20000000000000000000027 /* MarkdownTypingStyleProjection.swift */; };
		B10000000000000000000028 /* MarkdownNativeStyleSheet.swift in Sources */ = {isa = PBXBuildFile; fileRef = B20000000000000000000028 /* MarkdownNativeStyleSheet.swift */; };
		86BD0B38137448F78DBA0DFC /* MarkdownBlockSpacingPlan.swift in Sources */ = {isa = PBXBuildFile; fileRef = 98AE260274C7498AB145B240 /* MarkdownBlockSpacingPlan.swift */; };
		B10000000000000000000029 /* MarkdownLayoutPlanCache.swift in Sources */ = {isa = PBXBuildFile; fileRef = B20000000000000000000029 /* MarkdownLayoutPlanCache.swift */; };
        E51000000000000000000001 /* CSSThemes.swift in Sources */ = {isa = PBXBuildFile; fileRef = E52000000000000000000001; };
        E51000000000000000000002 /* Themes in Resources */ = {isa = PBXBuildFile; fileRef = E52000000000000000000002; };
        E61000000000000000000001 /* RecoveryStartup.swift in Sources */ = {isa = PBXBuildFile; fileRef = E62000000000000000000001; };
/* End PBXBuildFile section */

/* Begin PBXContainerItemProxy section */
		AB0000000000000000000001 /* PBXContainerItemProxy */ = {
			isa = PBXContainerItemProxy;
			containerPortal = A80000000000000000000001 /* Project object */;
			proxyType = 1;
			remoteGlobalIDString = A50000000000000000000001;
			remoteInfo = Inflow;
		};
/* End PBXContainerItemProxy section */

/* Begin PBXFileReference section */
		D92000000000000000000001 /* PerformanceTrace.swift */ = {isa = PBXFileReference; lastKnownFileType = sourcecode.swift; path = Diagnostics/PerformanceTrace.swift; sourceTree = "<group>"; };
		61EBDC3D8E9549FEB7B18BD3 /* InflowTestBootstrap.swift */ = {isa = PBXFileReference; lastKnownFileType = sourcecode.swift; path = InflowTestBootstrap.swift; sourceTree = "<group>"; };
		A20000000000000000000001 /* InflowApp.swift */ = {isa = PBXFileReference; lastKnownFileType = sourcecode.swift; path = InflowApp.swift; sourceTree = "<group>"; };
		A20000000000000000000002 /* MarkdownEditorView.swift */ = {isa = PBXFileReference; lastKnownFileType = sourcecode.swift; path = Editor/MarkdownEditorView.swift; sourceTree = "<group>"; };
		A20000000000000000000003 /* InflowCoreBridge.swift */ = {isa = PBXFileReference; lastKnownFileType = sourcecode.swift; path = InflowCoreBridge.swift; sourceTree = "<group>"; };
		A20000000000000000000004 /* Inflow-Bridging-Header.h */ = {isa = PBXFileReference; lastKnownFileType = sourcecode.c.h; path = "Inflow-Bridging-Header.h"; sourceTree = "<group>"; };
		A20000000000000000000005 /* Inflow.app */ = {isa = PBXFileReference; explicitFileType = wrapper.application; includeInIndex = 0; path = Inflow.app; sourceTree = BUILT_PRODUCTS_DIR; };
		A20000000000000000000006 /* MarkdownDocument.swift */ = {isa = PBXFileReference; lastKnownFileType = sourcecode.swift; path = Document/MarkdownDocument.swift; sourceTree = "<group>"; };
		A20000000000000000000007 /* MarkdownCodec.swift */ = {isa = PBXFileReference; lastKnownFileType = sourcecode.swift; path = Document/MarkdownCodec.swift; sourceTree = "<group>"; };
		A20000000000000000000008 /* Info.plist */ = {isa = PBXFileReference; lastKnownFileType = text.plist.xml; path = Resources/Info.plist; sourceTree = "<group>"; };
		A20000000000000000000009 /* Inflow.entitlements */ = {isa = PBXFileReference; lastKnownFileType = text.plist.entitlements; path = Resources/Inflow.entitlements; sourceTree = "<group>"; };
		A2000000000000000000000A /* MarkdownCodecTests.swift */ = {isa = PBXFileReference; lastKnownFileType = sourcecode.swift; path = MarkdownCodecTests.swift; sourceTree = "<group>"; };
		A2000000000000000000000B /* InflowTests.xctest */ = {isa = PBXFileReference; explicitFileType = wrapper.cfbundle; includeInIndex = 0; path = InflowTests.xctest; sourceTree = BUILT_PRODUCTS_DIR; };
		A2000000000000000000000C /* MarkdownRendererTests.swift */ = {isa = PBXFileReference; lastKnownFileType = sourcecode.swift; path = MarkdownRendererTests.swift; sourceTree = "<group>"; };
		A2000000000000000000000D /* MarkdownRenderer.swift */ = {isa = PBXFileReference; lastKnownFileType = sourcecode.swift; path = Preview/MarkdownRenderer.swift; sourceTree = "<group>"; };
		A20000000000000000000010 /* MarkdownAnalyzer.swift */ = {isa = PBXFileReference; lastKnownFileType = sourcecode.swift; path = Analysis/MarkdownAnalyzer.swift; sourceTree = "<group>"; };
		A20000000000000000000011 /* MarkdownSourceEditor.swift */ = {isa = PBXFileReference; lastKnownFileType = sourcecode.swift; path = Editor/MarkdownSourceEditor.swift; sourceTree = "<group>"; };
		A20000000000000000000012 /* DocumentOutlineView.swift */ = {isa = PBXFileReference; lastKnownFileType = sourcecode.swift; path = Outline/DocumentOutlineView.swift; sourceTree = "<group>"; };
		A20000000000000000000013 /* MarkdownAnalyzerTests.swift */ = {isa = PBXFileReference; lastKnownFileType = sourcecode.swift; path = MarkdownAnalyzerTests.swift; sourceTree = "<group>"; };
		A20000000000000000000014 /* MarkdownSearcher.swift */ = {isa = PBXFileReference; lastKnownFileType = sourcecode.swift; path = Search/MarkdownSearcher.swift; sourceTree = "<group>"; };
		A20000000000000000000015 /* DocumentFindBar.swift */ = {isa = PBXFileReference; lastKnownFileType = sourcecode.swift; path = Search/DocumentFindBar.swift; sourceTree = "<group>"; };
		A20000000000000000000016 /* DocumentFindCommands.swift */ = {isa = PBXFileReference; lastKnownFileType = sourcecode.swift; path = Search/DocumentFindCommands.swift; sourceTree = "<group>"; };
		A20000000000000000000017 /* MarkdownSearcherTests.swift */ = {isa = PBXFileReference; lastKnownFileType = sourcecode.swift; path = MarkdownSearcherTests.swift; sourceTree = "<group>"; };
		A20000000000000000000018 /* EditorViewModeCommands.swift */ = {isa = PBXFileReference; lastKnownFileType = sourcecode.swift; path = Editor/EditorViewModeCommands.swift; sourceTree = "<group>"; };
		A20000000000000000000019 /* EditorViewModeCommandsTests.swift */ = {isa = PBXFileReference; lastKnownFileType = sourcecode.swift; path = EditorViewModeCommandsTests.swift; sourceTree = "<group>"; };
		A2000000000000000000001A /* HTMLExporter.swift */ = {isa = PBXFileReference; lastKnownFileType = sourcecode.swift; path = Export/HTMLExporter.swift; sourceTree = "<group>"; };
		A2000000000000000000001B /* HTMLExportCommands.swift */ = {isa = PBXFileReference; lastKnownFileType = sourcecode.swift; path = Export/HTMLExportCommands.swift; sourceTree = "<group>"; };
		A2000000000000000000001C /* HTMLExporterTests.swift */ = {isa = PBXFileReference; lastKnownFileType = sourcecode.swift; path = HTMLExporterTests.swift; sourceTree = "<group>"; };
		A2000000000000000000001D /* MarkdownFormatter.swift */ = {isa = PBXFileReference; lastKnownFileType = sourcecode.swift; path = Formatting/MarkdownFormatter.swift; sourceTree = "<group>"; };
		A2000000000000000000001E /* MarkdownFormatCommands.swift */ = {isa = PBXFileReference; lastKnownFileType = sourcecode.swift; path = Formatting/MarkdownFormatCommands.swift; sourceTree = "<group>"; };
		A2000000000000000000001F /* MarkdownFormatterTests.swift */ = {isa = PBXFileReference; lastKnownFileType = sourcecode.swift; path = MarkdownFormatterTests.swift; sourceTree = "<group>"; };
		A20000000000000000000020 /* MarkdownInsertCommands.swift */ = {isa = PBXFileReference; lastKnownFileType = sourcecode.swift; path = Insertion/MarkdownInsertCommands.swift; sourceTree = "<group>"; };
		A20000000000000000000021 /* MarkdownLinkInsertionView.swift */ = {isa = PBXFileReference; lastKnownFileType = sourcecode.swift; path = Insertion/MarkdownLinkInsertionView.swift; sourceTree = "<group>"; };
		A20000000000000000000022 /* MarkdownInsertionTests.swift */ = {isa = PBXFileReference; lastKnownFileType = sourcecode.swift; path = MarkdownInsertionTests.swift; sourceTree = "<group>"; };
		A20000000000000000000023 /* LocalImageResolver.swift */ = {isa = PBXFileReference; lastKnownFileType = sourcecode.swift; path = Preview/LocalImageResolver.swift; sourceTree = "<group>"; };
		A20000000000000000000024 /* ImageAssetImporter.swift */ = {isa = PBXFileReference; lastKnownFileType = sourcecode.swift; path = Insertion/ImageAssetImporter.swift; sourceTree = "<group>"; };
		A20000000000000000000025 /* PDFExporter.swift */ = {isa = PBXFileReference; lastKnownFileType = sourcecode.swift; path = Export/PDFExporter.swift; sourceTree = "<group>"; };
		A20000000000000000000026 /* DocumentRecovery.swift */ = {isa = PBXFileReference; lastKnownFileType = sourcecode.swift; path = Recovery/DocumentRecovery.swift; sourceTree = "<group>"; };
		A20000000000000000000027 /* RecoveryCenterView.swift */ = {isa = PBXFileReference; lastKnownFileType = sourcecode.swift; path = Recovery/RecoveryCenterView.swift; sourceTree = "<group>"; };
		A20000000000000000000028 /* DocumentRecoveryTests.swift */ = {isa = PBXFileReference; lastKnownFileType = sourcecode.swift; path = DocumentRecoveryTests.swift; sourceTree = "<group>"; };
		A20000000000000000000029 /* DocumentFileSafety.swift */ = {isa = PBXFileReference; lastKnownFileType = sourcecode.swift; path = Document/DocumentFileSafety.swift; sourceTree = "<group>"; };
		A2000000000000000000002A /* DocumentFileSafetyView.swift */ = {isa = PBXFileReference; lastKnownFileType = sourcecode.swift; path = Document/DocumentFileSafetyView.swift; sourceTree = "<group>"; };
		A2000000000000000000002B /* DocumentFileSafetyTests.swift */ = {isa = PBXFileReference; lastKnownFileType = sourcecode.swift; path = DocumentFileSafetyTests.swift; sourceTree = "<group>"; };
		A2000000000000000000002C /* DocumentRelocation.swift */ = {isa = PBXFileReference; lastKnownFileType = sourcecode.swift; path = Document/DocumentRelocation.swift; sourceTree = "<group>"; };
		A2000000000000000000002D /* DocumentSaveCommands.swift */ = {isa = PBXFileReference; lastKnownFileType = sourcecode.swift; path = Document/DocumentSaveCommands.swift; sourceTree = "<group>"; };
		A2000000000000000000002E /* DocumentRelocationView.swift */ = {isa = PBXFileReference; lastKnownFileType = sourcecode.swift; path = Document/DocumentRelocationView.swift; sourceTree = "<group>"; };
		A2000000000000000000002F /* DocumentRelocationTests.swift */ = {isa = PBXFileReference; lastKnownFileType = sourcecode.swift; path = DocumentRelocationTests.swift; sourceTree = "<group>"; };
		A20000000000000000000030 /* AppPreferences.swift */ = {isa = PBXFileReference; lastKnownFileType = sourcecode.swift; path = Settings/AppPreferences.swift; sourceTree = "<group>"; };
		A20000000000000000000031 /* InflowSettingsView.swift */ = {isa = PBXFileReference; lastKnownFileType = sourcecode.swift; path = Settings/InflowSettingsView.swift; sourceTree = "<group>"; };
		A20000000000000000000032 /* AppPreferencesTests.swift */ = {isa = PBXFileReference; lastKnownFileType = sourcecode.swift; path = AppPreferencesTests.swift; sourceTree = "<group>"; };
		A20000000000000000000033 /* AnonymousUsageData.swift */ = {isa = PBXFileReference; lastKnownFileType = sourcecode.swift; path = Privacy/AnonymousUsageData.swift; sourceTree = "<group>"; };
		A20000000000000000000034 /* AnonymousUsagePrivacyView.swift */ = {isa = PBXFileReference; lastKnownFileType = sourcecode.swift; path = Privacy/AnonymousUsagePrivacyView.swift; sourceTree = "<group>"; };
		A20000000000000000000035 /* AnonymousUsageDataTests.swift */ = {isa = PBXFileReference; lastKnownFileType = sourcecode.swift; path = AnonymousUsageDataTests.swift; sourceTree = "<group>"; };
		A20000000000000000000036 /* PreviewLinkNavigation.swift */ = {isa = PBXFileReference; lastKnownFileType = sourcecode.swift; path = Preview/PreviewLinkNavigation.swift; sourceTree = "<group>"; };
		A20000000000000000000037 /* MarkdownHighlighter.swift */ = {isa = PBXFileReference; lastKnownFileType = sourcecode.swift; path = Highlighting/MarkdownHighlighter.swift; sourceTree = "<group>"; };
		A20000000000000000000038 /* MarkdownHighlighterTests.swift */ = {isa = PBXFileReference; lastKnownFileType = sourcecode.swift; path = MarkdownHighlighterTests.swift; sourceTree = "<group>"; };
		A20000000000000000000039 /* WritingModeCommands.swift */ = {isa = PBXFileReference; lastKnownFileType = sourcecode.swift; path = Editor/WritingModeCommands.swift; sourceTree = "<group>"; };
		A2000000000000000000003A /* WritingModeTests.swift */ = {isa = PBXFileReference; lastKnownFileType = sourcecode.swift; path = WritingModeTests.swift; sourceTree = "<group>"; };
		A2000000000000000000003B /* PreviewZoomCommands.swift */ = {isa = PBXFileReference; lastKnownFileType = sourcecode.swift; path = Preview/PreviewZoomCommands.swift; sourceTree = "<group>"; };
		A2000000000000000000003C /* PreviewZoomCommandsTests.swift */ = {isa = PBXFileReference; lastKnownFileType = sourcecode.swift; path = PreviewZoomCommandsTests.swift; sourceTree = "<group>"; };
		A2000000000000000000003D /* InflowHelp.swift */ = {isa = PBXFileReference; lastKnownFileType = sourcecode.swift; path = Help/InflowHelp.swift; sourceTree = "<group>"; };
		A2000000000000000000003E /* InflowHelpTests.swift */ = {isa = PBXFileReference; lastKnownFileType = sourcecode.swift; path = InflowHelpTests.swift; sourceTree = "<group>"; };
		A2000000000000000000003F /* RecentDocuments.swift */ = {isa = PBXFileReference; lastKnownFileType = sourcecode.swift; path = Document/RecentDocuments.swift; sourceTree = "<group>"; };
		A20000000000000000000040 /* RecentDocumentsTests.swift */ = {isa = PBXFileReference; lastKnownFileType = sourcecode.swift; path = RecentDocumentsTests.swift; sourceTree = "<group>"; };
		A20000000000000000000041 /* PersistentSplitView.swift */ = {isa = PBXFileReference; lastKnownFileType = sourcecode.swift; path = Editor/PersistentSplitView.swift; sourceTree = "<group>"; };
		A20000000000000000000042 /* Assets.xcassets */ = {isa = PBXFileReference; lastKnownFileType = folder.assetcatalog; path = Resources/Assets.xcassets; sourceTree = "<group>"; };
		A20000000000000000000043 /* PrivacyInfo.xcprivacy */ = {isa = PBXFileReference; lastKnownFileType = text.plist.xml; path = Resources/PrivacyInfo.xcprivacy; sourceTree = "<group>"; };
		A20000000000000000000044 /* LaunchJourneyTests.swift */ = {isa = PBXFileReference; lastKnownFileType = sourcecode.swift; path = LaunchJourneyTests.swift; sourceTree = "<group>"; };
		A20000000000000000000045 /* FolderBrowser.swift */ = {isa = PBXFileReference; lastKnownFileType = sourcecode.swift; path = Document/FolderBrowser.swift; sourceTree = "<group>"; };
		A20000000000000000000046 /* FolderBrowserTests.swift */ = {isa = PBXFileReference; lastKnownFileType = sourcecode.swift; path = FolderBrowserTests.swift; sourceTree = "<group>"; };
		B20000000000000000000001 /* LocalFailureLog.swift */ = {isa = PBXFileReference; lastKnownFileType = sourcecode.swift; path = Diagnostics/LocalFailureLog.swift; sourceTree = "<group>"; };
		B20000000000000000000002 /* LocalFailureLogTests.swift */ = {isa = PBXFileReference; lastKnownFileType = sourcecode.swift; path = LocalFailureLogTests.swift; sourceTree = "<group>"; };
		B2000000000000000000000B /* MarkdownInlineProjection.swift */ = {isa = PBXFileReference; lastKnownFileType = sourcecode.swift; path = Editor/MarkdownInlineProjection.swift; sourceTree = "<group>"; };
		B2000000000000000000000C /* MarkdownEditingTransactions.swift */ = {isa = PBXFileReference; lastKnownFileType = sourcecode.swift; path = Editor/MarkdownEditingTransactions.swift; sourceTree = "<group>"; };
		B2000000000000000000000D /* MarkdownClipboard.swift */ = {isa = PBXFileReference; lastKnownFileType = sourcecode.swift; path = Editor/MarkdownClipboard.swift; sourceTree = "<group>"; };
		B2000000000000000000000E /* MarkdownTableMathPreview.swift */ = {isa = PBXFileReference; lastKnownFileType = sourcecode.swift; path = Editor/MarkdownTableMathPreview.swift; sourceTree = "<group>"; };
		B20000000000000000000003 /* RenderedMarkdownEditor.swift */ = {isa = PBXFileReference; lastKnownFileType = sourcecode.swift; path = Editor/RenderedMarkdownEditor.swift; sourceTree = "<group>"; };
		B20000000000000000000004 /* RenderedMarkdownEditorTests.swift */ = {isa = PBXFileReference; lastKnownFileType = sourcecode.swift; path = RenderedMarkdownEditorTests.swift; sourceTree = "<group>"; };
		C20000000000000000000001 /* EditorEngineClient.swift */ = {isa = PBXFileReference; lastKnownFileType = sourcecode.swift; path = CoreBridge/EditorEngineClient.swift; sourceTree = "<group>"; };
		C20000000000000000000002 /* EditorEngineClientTests.swift */ = {isa = PBXFileReference; lastKnownFileType = sourcecode.swift; path = EditorEngineClientTests.swift; sourceTree = "<group>"; };
		C20000000000000000000003 /* EditorStore.swift */ = {isa = PBXFileReference; lastKnownFileType = sourcecode.swift; path = Editor/EditorStore.swift; sourceTree = "<group>"; };
		C20000000000000000000004 /* CoreDTO.swift */ = {isa = PBXFileReference; lastKnownFileType = sourcecode.swift; path = CoreBridge/CoreDTO.swift; sourceTree = "<group>"; };
		C20000000000000000000005 /* EditorViewSupport.swift */ = {isa = PBXFileReference; lastKnownFileType = sourcecode.swift; path = Editor/EditorViewSupport.swift; sourceTree = "<group>"; };
		C20000000000000000000006 /* EditorExportSupport.swift */ = {isa = PBXFileReference; lastKnownFileType = sourcecode.swift; path = Editor/EditorExportSupport.swift; sourceTree = "<group>"; };
		C20000000000000000000007 /* EditorChrome.swift */ = {isa = PBXFileReference; lastKnownFileType = sourcecode.swift; path = Editor/EditorChrome.swift; sourceTree = "<group>"; };
		C20000000000000000000008 /* SourceEditorSupport.swift */ = {isa = PBXFileReference; lastKnownFileType = sourcecode.swift; path = Editor/SourceEditorSupport.swift; sourceTree = "<group>"; };
        D20000000000000000000001 /* JavaScriptRendering.swift */ = {isa = PBXFileReference; lastKnownFileType = sourcecode.swift; path = Preview/JavaScriptRendering.swift; sourceTree = "<group>"; };
        D20000000000000000000002 /* JavaScript */ = {isa = PBXFileReference; lastKnownFileType = folder; path = Resources/JavaScript; sourceTree = "<group>"; };
		B20000000000000000000020 /* MarkdownInputState.swift */ = {isa = PBXFileReference; lastKnownFileType = sourcecode.swift; path = Editor/MarkdownInputState.swift; sourceTree = "<group>"; };
		B20000000000000000000021 /* MarkdownSourceEditorSession.swift */ = {isa = PBXFileReference; lastKnownFileType = sourcecode.swift; path = Editor/MarkdownSourceEditorSession.swift; sourceTree = "<group>"; };
		B20000000000000000000022 /* MarkdownLineNumberRulerView.swift */ = {isa = PBXFileReference; lastKnownFileType = sourcecode.swift; path = Editor/MarkdownLineNumberRulerView.swift; sourceTree = "<group>"; };
		B20000000000000000000023 /* MarkdownNativeGeometry.swift */ = {isa = PBXFileReference; lastKnownFileType = sourcecode.swift; path = Editor/MarkdownNativeGeometry.swift; sourceTree = "<group>"; };
		B20000000000000000000024 /* WindowAwareTextView.swift */ = {isa = PBXFileReference; lastKnownFileType = sourcecode.swift; path = Editor/WindowAwareTextView.swift; sourceTree = "<group>"; };
		B20000000000000000000025 /* RenderedMarkdownImageView.swift */ = {isa = PBXFileReference; lastKnownFileType = sourcecode.swift; path = Editor/RenderedMarkdownImageView.swift; sourceTree = "<group>"; };
		B20000000000000000000026 /* RenderedMarkdownTableView.swift */ = {isa = PBXFileReference; lastKnownFileType = sourcecode.swift; path = Editor/RenderedMarkdownTableView.swift; sourceTree = "<group>"; };
		B20000000000000000000056 /* MarkdownTableToolbar.swift */ = {isa = PBXFileReference; lastKnownFileType = sourcecode.swift; path = Editor/MarkdownTableToolbar.swift; sourceTree = "<group>"; };
		B20000000000000000000027 /* MarkdownTypingStyleProjection.swift */ = {isa = PBXFileReference; lastKnownFileType = sourcecode.swift; path = Editor/MarkdownTypingStyleProjection.swift; sourceTree = "<group>"; };
		B20000000000000000000028 /* MarkdownNativeStyleSheet.swift */ = {isa = PBXFileReference; lastKnownFileType = sourcecode.swift; path = Editor/MarkdownNativeStyleSheet.swift; sourceTree = "<group>"; };
		98AE260274C7498AB145B240 /* MarkdownBlockSpacingPlan.swift */ = {isa = PBXFileReference; lastKnownFileType = sourcecode.swift; path = Editor/MarkdownBlockSpacingPlan.swift; sourceTree = "<group>"; };
		B20000000000000000000029 /* MarkdownLayoutPlanCache.swift */ = {isa = PBXFileReference; lastKnownFileType = sourcecode.swift; path = Editor/MarkdownLayoutPlanCache.swift; sourceTree = "<group>"; };
        E52000000000000000000001 /* CSSThemes.swift */ = {isa = PBXFileReference; lastKnownFileType = sourcecode.swift; path = Settings/CSSThemes.swift; sourceTree = "<group>"; };
        E52000000000000000000002 /* Themes */ = {isa = PBXFileReference; lastKnownFileType = folder; path = Themes; sourceTree = SOURCE_ROOT; };
        E62000000000000000000001 /* RecoveryStartup.swift */ = {isa = PBXFileReference; lastKnownFileType = sourcecode.swift; path = Recovery/RecoveryStartup.swift; sourceTree = "<group>"; };
/* End PBXFileReference section */

/* Begin PBXFrameworksBuildPhase section */
		A30000000000000000000001 /* Frameworks */ = {
			isa = PBXFrameworksBuildPhase;
			buildActionMask = 2147483647;
			files = (
			);
			runOnlyForDeploymentPostprocessing = 0;
		};
		A30000000000000000000002 /* Frameworks */ = {
			isa = PBXFrameworksBuildPhase;
			buildActionMask = 2147483647;
			files = (
			);
			runOnlyForDeploymentPostprocessing = 0;
		};
/* End PBXFrameworksBuildPhase section */

/* Begin PBXGroup section */
		A40000000000000000000001 = {
			isa = PBXGroup;
			children = (
				A40000000000000000000002 /* Inflow */,
				A40000000000000000000004 /* InflowTests */,
				A40000000000000000000003 /* Products */,
			);
			sourceTree = "<group>";
		};
		A40000000000000000000002 /* Inflow */ = {
			isa = PBXGroup;
			children = (
				A20000000000000000000001 /* InflowApp.swift */,
				A20000000000000000000002 /* MarkdownEditorView.swift */,
				A20000000000000000000041 /* PersistentSplitView.swift */,
				A20000000000000000000011 /* MarkdownSourceEditor.swift */,
				B2000000000000000000000B /* MarkdownInlineProjection.swift */,
				B2000000000000000000000C /* MarkdownEditingTransactions.swift */,
				B2000000000000000000000D /* MarkdownClipboard.swift */,
				B2000000000000000000000E /* MarkdownTableMathPreview.swift */,
				B20000000000000000000029 /* MarkdownLayoutPlanCache.swift */,
				B20000000000000000000028 /* MarkdownNativeStyleSheet.swift */,
				98AE260274C7498AB145B240 /* MarkdownBlockSpacingPlan.swift */,
				B20000000000000000000027 /* MarkdownTypingStyleProjection.swift */,
				B20000000000000000000026 /* RenderedMarkdownTableView.swift */,
				B20000000000000000000056 /* MarkdownTableToolbar.swift */,
				B20000000000000000000025 /* RenderedMarkdownImageView.swift */,
				B20000000000000000000024 /* WindowAwareTextView.swift */,
				B20000000000000000000023 /* MarkdownNativeGeometry.swift */,
				B20000000000000000000022 /* MarkdownLineNumberRulerView.swift */,
				B20000000000000000000021 /* MarkdownSourceEditorSession.swift */,
				B20000000000000000000020 /* MarkdownInputState.swift */,
				B20000000000000000000003 /* RenderedMarkdownEditor.swift */,
				A20000000000000000000018 /* EditorViewModeCommands.swift */,
				A20000000000000000000039 /* WritingModeCommands.swift */,
				A2000000000000000000003B /* PreviewZoomCommands.swift */,
				A2000000000000000000003D /* InflowHelp.swift */,
				A2000000000000000000001A /* HTMLExporter.swift */,
				A2000000000000000000001B /* HTMLExportCommands.swift */,
				A20000000000000000000025 /* PDFExporter.swift */,
				A20000000000000000000026 /* DocumentRecovery.swift */,
				A20000000000000000000027 /* RecoveryCenterView.swift */,
				A20000000000000000000029 /* DocumentFileSafety.swift */,
				A2000000000000000000002A /* DocumentFileSafetyView.swift */,
				A2000000000000000000002C /* DocumentRelocation.swift */,
				A2000000000000000000002D /* DocumentSaveCommands.swift */,
				A2000000000000000000003F /* RecentDocuments.swift */,
				A20000000000000000000045 /* FolderBrowser.swift */,
				B20000000000000000000001 /* LocalFailureLog.swift */,
				D92000000000000000000001 /* PerformanceTrace.swift */,
				A2000000000000000000002E /* DocumentRelocationView.swift */,
				A20000000000000000000030 /* AppPreferences.swift */,
				A20000000000000000000031 /* InflowSettingsView.swift */,
				A20000000000000000000033 /* AnonymousUsageData.swift */,
				A20000000000000000000034 /* AnonymousUsagePrivacyView.swift */,
				A2000000000000000000001D /* MarkdownFormatter.swift */,
				A2000000000000000000001E /* MarkdownFormatCommands.swift */,
				A20000000000000000000020 /* MarkdownInsertCommands.swift */,
				A20000000000000000000021 /* MarkdownLinkInsertionView.swift */,
				A20000000000000000000024 /* ImageAssetImporter.swift */,
				A20000000000000000000006 /* MarkdownDocument.swift */,
				A20000000000000000000007 /* MarkdownCodec.swift */,
				A2000000000000000000000D /* MarkdownRenderer.swift */,
                D20000000000000000000001,
                D20000000000000000000002,
                E52000000000000000000001,
                E62000000000000000000001,
                E52000000000000000000002,
				A20000000000000000000023 /* LocalImageResolver.swift */,
				A20000000000000000000036 /* PreviewLinkNavigation.swift */,
				A20000000000000000000037 /* MarkdownHighlighter.swift */,
				A20000000000000000000010 /* MarkdownAnalyzer.swift */,
				A20000000000000000000012 /* DocumentOutlineView.swift */,
				A20000000000000000000014 /* MarkdownSearcher.swift */,
				A20000000000000000000015 /* DocumentFindBar.swift */,
				A20000000000000000000016 /* DocumentFindCommands.swift */,
				A20000000000000000000003 /* InflowCoreBridge.swift */,
				C20000000000000000000001 /* EditorEngineClient.swift */,
				C20000000000000000000004 /* CoreDTO.swift */,
				C20000000000000000000003 /* EditorStore.swift */,
				C20000000000000000000005 /* EditorViewSupport.swift */,
				C20000000000000000000006 /* EditorExportSupport.swift */,
				C20000000000000000000007 /* EditorChrome.swift */,
				C20000000000000000000008 /* SourceEditorSupport.swift */,
				A20000000000000000000004 /* Inflow-Bridging-Header.h */,
				A20000000000000000000008 /* Info.plist */,
				A20000000000000000000009 /* Inflow.entitlements */,
				A20000000000000000000042 /* Assets.xcassets */,
				A20000000000000000000043 /* PrivacyInfo.xcprivacy */,
			);
			path = macos/Inflow;
			sourceTree = "<group>";
		};
		A40000000000000000000003 /* Products */ = {
			isa = PBXGroup;
			children = (
				A20000000000000000000005 /* Inflow.app */,
				A2000000000000000000000B /* InflowTests.xctest */,
			);
			name = Products;
			sourceTree = "<group>";
		};
		A40000000000000000000004 /* InflowTests */ = {
			isa = PBXGroup;
			children = (
				A2000000000000000000000A /* MarkdownCodecTests.swift */,
				A2000000000000000000000C /* MarkdownRendererTests.swift */,
				A20000000000000000000013 /* MarkdownAnalyzerTests.swift */,
				A20000000000000000000017 /* MarkdownSearcherTests.swift */,
				A20000000000000000000019 /* EditorViewModeCommandsTests.swift */,
				A2000000000000000000001C /* HTMLExporterTests.swift */,
				A2000000000000000000001F /* MarkdownFormatterTests.swift */,
				A20000000000000000000022 /* MarkdownInsertionTests.swift */,
				A20000000000000000000028 /* DocumentRecoveryTests.swift */,
				A2000000000000000000002B /* DocumentFileSafetyTests.swift */,
				A2000000000000000000002F /* DocumentRelocationTests.swift */,
				A20000000000000000000032 /* AppPreferencesTests.swift */,
				A20000000000000000000035 /* AnonymousUsageDataTests.swift */,
				A20000000000000000000038 /* MarkdownHighlighterTests.swift */,
				A2000000000000000000003A /* WritingModeTests.swift */,
				A2000000000000000000003C /* PreviewZoomCommandsTests.swift */,
				A2000000000000000000003E /* InflowHelpTests.swift */,
				61EBDC3D8E9549FEB7B18BD3 /* InflowTestBootstrap.swift */,
				A20000000000000000000040 /* RecentDocumentsTests.swift */,
				A20000000000000000000044 /* LaunchJourneyTests.swift */,
				A20000000000000000000046 /* FolderBrowserTests.swift */,
				B20000000000000000000002 /* LocalFailureLogTests.swift */,
				B20000000000000000000004 /* RenderedMarkdownEditorTests.swift */,
				C20000000000000000000002 /* EditorEngineClientTests.swift */,
			);
			path = macos/InflowTests;
			sourceTree = "<group>";
		};
/* End PBXGroup section */

/* Begin PBXNativeTarget section */
		A50000000000000000000001 /* Inflow */ = {
			isa = PBXNativeTarget;
			buildConfigurationList = A90000000000000000000002 /* Build configuration list for PBXNativeTarget "Inflow" */;
			buildPhases = (
				A70000000000000000000001 /* Build Rust Core */,
				A60000000000000000000001 /* Sources */,
				A30000000000000000000001 /* Frameworks */,
				A60000000000000000000002 /* Resources */,
			);
			buildRules = (
			);
			dependencies = (
			);
			name = Inflow;
			productName = Inflow;
			productReference = A20000000000000000000005 /* Inflow.app */;
			productType = "com.apple.product-type.application";
		};
		A50000000000000000000002 /* InflowTests */ = {
			isa = PBXNativeTarget;
			buildConfigurationList = A90000000000000000000003 /* Build configuration list for PBXNativeTarget "InflowTests" */;
			buildPhases = (
				A60000000000000000000003 /* Sources */,
				A30000000000000000000002 /* Frameworks */,
				A60000000000000000000004 /* Resources */,
			);
			buildRules = (
			);
			dependencies = (
				AB0000000000000000000002 /* PBXTargetDependency */,
			);
			name = InflowTests;
			productName = InflowTests;
			productReference = A2000000000000000000000B /* InflowTests.xctest */;
			productType = "com.apple.product-type.bundle.unit-test";
		};
/* End PBXNativeTarget section */

/* Begin PBXProject section */
		A80000000000000000000001 /* Project object */ = {
			isa = PBXProject;
			attributes = {
				BuildIndependentTargetsInParallel = 1;
				LastSwiftUpdateCheck = 2660;
				LastUpgradeCheck = 2660;
				TargetAttributes = {
					A50000000000000000000001 = {
						CreatedOnToolsVersion = 26.6;
					};
					A50000000000000000000002 = {
						CreatedOnToolsVersion = 26.6;
						TestTargetID = A50000000000000000000001;
					};
				};
			};
			buildConfigurationList = A90000000000000000000001 /* Build configuration list for PBXProject "Inflow" */;
			compatibilityVersion = "Xcode 14.0";
			developmentRegion = zh_Hans;
			hasScannedForEncodings = 0;
			knownRegions = (
				en,
				Base,
				zh_Hans,
			);
			mainGroup = A40000000000000000000001;
			productRefGroup = A40000000000000000000003 /* Products */;
			projectDirPath = "";
			projectRoot = "";
			targets = (
				A50000000000000000000001 /* Inflow */,
				A50000000000000000000002 /* InflowTests */,
			);
		};
/* End PBXProject section */

/* Begin PBXResourcesBuildPhase section */
		A60000000000000000000002 /* Resources */ = {
			isa = PBXResourcesBuildPhase;
			buildActionMask = 2147483647;
			files = (
				A1000000000000000000003D /* Assets.xcassets in Resources */,
                D10000000000000000000002,
                E51000000000000000000002,
				A1000000000000000000003E /* PrivacyInfo.xcprivacy in Resources */,
			);
			runOnlyForDeploymentPostprocessing = 0;
		};
		A60000000000000000000004 /* Resources */ = {
			isa = PBXResourcesBuildPhase;
			buildActionMask = 2147483647;
			files = (
			);
			runOnlyForDeploymentPostprocessing = 0;
		};
/* End PBXResourcesBuildPhase section */

/* Begin PBXShellScriptBuildPhase section */
		A70000000000000000000001 /* Build Rust Core */ = {
			isa = PBXShellScriptBuildPhase;
			buildActionMask = 2147483647;
			files = (
			);
			inputFileListPaths = (
			);
			inputPaths = (
				"$(PROJECT_DIR)/core/Cargo.toml",
				"$(PROJECT_DIR)/core/Cargo.lock",
				"$(PROJECT_DIR)/core/cbindgen.toml",
				"$(PROJECT_DIR)/core/src/analysis.rs",
				"$(PROJECT_DIR)/core/src/code_highlight.rs",
				"$(PROJECT_DIR)/core/src/document.rs",
				"$(PROJECT_DIR)/core/src/engine.rs",
				"$(PROJECT_DIR)/core/src/export.rs",
				"$(PROJECT_DIR)/core/src/format.rs",
				"$(PROJECT_DIR)/core/src/highlight.rs",
				"$(PROJECT_DIR)/core/src/history.rs",
				"$(PROJECT_DIR)/core/src/ffi.rs",
				"$(PROJECT_DIR)/core/src/lib.rs",
				"$(PROJECT_DIR)/core/src/markdown_adapter.rs",
				"$(PROJECT_DIR)/core/src/math.rs",
				"$(PROJECT_DIR)/core/src/markdown_ir.rs",
				"$(PROJECT_DIR)/core/src/mermaid.rs",
				"$(PROJECT_DIR)/core/src/native_render.rs",
				"$(PROJECT_DIR)/core/src/ports.rs",
				"$(PROJECT_DIR)/core/src/reference.rs",
				"$(PROJECT_DIR)/core/src/render.rs",
				"$(PROJECT_DIR)/core/src/render_ir.rs",
				"$(PROJECT_DIR)/core/src/search.rs",
				"$(PROJECT_DIR)/core/src/theme.rs",
				"$(PROJECT_DIR)/core/src/theme_values.rs",
				"$(PROJECT_DIR)/core/src/presentation_layout.rs",
				"$(PROJECT_DIR)/core/include/inflow_core.h",
				"$(PROJECT_DIR)/core/include/generated/inflow_core.h",
				"$(PROJECT_DIR)/rust-toolchain.toml",
				"$(PROJECT_DIR)/scripts/build-rust.sh",
			);
			name = "Build Rust Core";
			outputFileListPaths = (
			);
			outputPaths = (
				"$(BUILT_PRODUCTS_DIR)/libinflow_core.a",
			);
			runOnlyForDeploymentPostprocessing = 0;
			shellPath = /bin/sh;
			shellScript = "\"$PROJECT_DIR/scripts/build-rust.sh\"\n";
		};
/* End PBXShellScriptBuildPhase section */

/* Begin PBXSourcesBuildPhase section */
		A60000000000000000000001 /* Sources */ = {
			isa = PBXSourcesBuildPhase;
			buildActionMask = 2147483647;
			files = (
				A10000000000000000000001 /* InflowApp.swift in Sources */,
				A10000000000000000000002 /* MarkdownEditorView.swift in Sources */,
				A1000000000000000000003C /* PersistentSplitView.swift in Sources */,
				A10000000000000000000003 /* InflowCoreBridge.swift in Sources */,
				C10000000000000000000001 /* EditorEngineClient.swift in Sources */,
				C10000000000000000000004 /* CoreDTO.swift in Sources */,
				C10000000000000000000003 /* EditorStore.swift in Sources */,
				C10000000000000000000005 /* EditorViewSupport.swift in Sources */,
				C10000000000000000000006 /* EditorExportSupport.swift in Sources */,
				C10000000000000000000007 /* EditorChrome.swift in Sources */,
				C10000000000000000000008 /* SourceEditorSupport.swift in Sources */,
				A10000000000000000000004 /* MarkdownDocument.swift in Sources */,
				A10000000000000000000005 /* MarkdownCodec.swift in Sources */,
				A10000000000000000000008 /* MarkdownRenderer.swift in Sources */,
                D10000000000000000000001,
				A1000000000000000000001E /* LocalImageResolver.swift in Sources */,
				A10000000000000000000031 /* PreviewLinkNavigation.swift in Sources */,
				A10000000000000000000032 /* MarkdownHighlighter.swift in Sources */,
				A1000000000000000000000B /* MarkdownAnalyzer.swift in Sources */,
				A1000000000000000000000C /* MarkdownSourceEditor.swift in Sources */,
				A1000000000000000000000D /* DocumentOutlineView.swift in Sources */,
				A1000000000000000000000F /* MarkdownSearcher.swift in Sources */,
				A10000000000000000000010 /* DocumentFindBar.swift in Sources */,
				A10000000000000000000011 /* DocumentFindCommands.swift in Sources */,
				A10000000000000000000013 /* EditorViewModeCommands.swift in Sources */,
				A10000000000000000000034 /* WritingModeCommands.swift in Sources */,
				A10000000000000000000036 /* PreviewZoomCommands.swift in Sources */,
				A10000000000000000000038 /* InflowHelp.swift in Sources */,
				A10000000000000000000015 /* HTMLExporter.swift in Sources */,
				A10000000000000000000016 /* HTMLExportCommands.swift in Sources */,
				A10000000000000000000018 /* MarkdownFormatter.swift in Sources */,
				A10000000000000000000019 /* MarkdownFormatCommands.swift in Sources */,
				A1000000000000000000001B /* MarkdownInsertCommands.swift in Sources */,
				A1000000000000000000001C /* MarkdownLinkInsertionView.swift in Sources */,
				A1000000000000000000001F /* ImageAssetImporter.swift in Sources */,
				A10000000000000000000020 /* PDFExporter.swift in Sources */,
				A10000000000000000000021 /* DocumentRecovery.swift in Sources */,
				A10000000000000000000022 /* RecoveryCenterView.swift in Sources */,
				A10000000000000000000024 /* DocumentFileSafety.swift in Sources */,
				A10000000000000000000025 /* DocumentFileSafetyView.swift in Sources */,
				A10000000000000000000027 /* DocumentRelocation.swift in Sources */,
				A10000000000000000000028 /* DocumentSaveCommands.swift in Sources */,
				A1000000000000000000003A /* RecentDocuments.swift in Sources */,
				A10000000000000000000040 /* FolderBrowser.swift in Sources */,
				B10000000000000000000001 /* LocalFailureLog.swift in Sources */,
				D91000000000000000000001 /* PerformanceTrace.swift in Sources */,
				B1000000000000000000000B /* MarkdownInlineProjection.swift in Sources */,
				B1000000000000000000000C /* MarkdownEditingTransactions.swift in Sources */,
				B1000000000000000000000D /* MarkdownClipboard.swift in Sources */,
				B1000000000000000000000E /* MarkdownTableMathPreview.swift in Sources */,
				B10000000000000000000029 /* MarkdownLayoutPlanCache.swift in Sources */,
				B10000000000000000000028 /* MarkdownNativeStyleSheet.swift in Sources */,
				86BD0B38137448F78DBA0DFC /* MarkdownBlockSpacingPlan.swift in Sources */,
				B10000000000000000000027 /* MarkdownTypingStyleProjection.swift in Sources */,
				B10000000000000000000026 /* RenderedMarkdownTableView.swift in Sources */,
				B10000000000000000000056 /* MarkdownTableToolbar.swift in Sources */,
				B10000000000000000000025 /* RenderedMarkdownImageView.swift in Sources */,
				B10000000000000000000024 /* WindowAwareTextView.swift in Sources */,
				B10000000000000000000023 /* MarkdownNativeGeometry.swift in Sources */,
				B10000000000000000000022 /* MarkdownLineNumberRulerView.swift in Sources */,
				B10000000000000000000021 /* MarkdownSourceEditorSession.swift in Sources */,
				B10000000000000000000020 /* MarkdownInputState.swift in Sources */,
				B10000000000000000000003 /* RenderedMarkdownEditor.swift in Sources */,
				A10000000000000000000029 /* DocumentRelocationView.swift in Sources */,
				A1000000000000000000002B /* AppPreferences.swift in Sources */,
                E51000000000000000000001,
                E61000000000000000000001,
				A1000000000000000000002C /* InflowSettingsView.swift in Sources */,
			);
			runOnlyForDeploymentPostprocessing = 0;
		};
		A60000000000000000000003 /* Sources */ = {
			isa = PBXSourcesBuildPhase;
			buildActionMask = 2147483647;
			files = (
				A10000000000000000000006 /* MarkdownCodecTests.swift in Sources */,
				A10000000000000000000007 /* MarkdownRendererTests.swift in Sources */,
				A1000000000000000000000E /* MarkdownAnalyzerTests.swift in Sources */,
				A10000000000000000000012 /* MarkdownSearcherTests.swift in Sources */,
				A10000000000000000000014 /* EditorViewModeCommandsTests.swift in Sources */,
				A10000000000000000000017 /* HTMLExporterTests.swift in Sources */,
				A1000000000000000000001A /* MarkdownFormatterTests.swift in Sources */,
				A1000000000000000000001D /* MarkdownInsertionTests.swift in Sources */,
				A10000000000000000000023 /* DocumentRecoveryTests.swift in Sources */,
				A10000000000000000000026 /* DocumentFileSafetyTests.swift in Sources */,
				A1000000000000000000002A /* DocumentRelocationTests.swift in Sources */,
				A1000000000000000000002D /* AppPreferencesTests.swift in Sources */,
				A10000000000000000000030 /* AnonymousUsageDataTests.swift in Sources */,
				A10000000000000000000033 /* MarkdownHighlighterTests.swift in Sources */,
				A10000000000000000000035 /* WritingModeTests.swift in Sources */,
				A10000000000000000000037 /* PreviewZoomCommandsTests.swift in Sources */,
				A10000000000000000000039 /* InflowHelpTests.swift in Sources */,
				069C71A03B2B4AD78C77A8C2 /* InflowTestBootstrap.swift in Sources */,
				A1000000000000000000003B /* RecentDocumentsTests.swift in Sources */,
				A1000000000000000000003F /* LaunchJourneyTests.swift in Sources */,
				A10000000000000000000041 /* FolderBrowserTests.swift in Sources */,
				B10000000000000000000002 /* LocalFailureLogTests.swift in Sources */,
				B10000000000000000000004 /* RenderedMarkdownEditorTests.swift in Sources */,
				C10000000000000000000002 /* EditorEngineClientTests.swift in Sources */,
			);
			runOnlyForDeploymentPostprocessing = 0;
		};
/* End PBXSourcesBuildPhase section */

/* Begin PBXTargetDependency section */
		AB0000000000000000000002 /* PBXTargetDependency */ = {
			isa = PBXTargetDependency;
			target = A50000000000000000000001 /* Inflow */;
			targetProxy = AB0000000000000000000001 /* PBXContainerItemProxy */;
		};
/* End PBXTargetDependency section */

/* Begin XCBuildConfiguration section */
		AA0000000000000000000001 /* Debug */ = {
			isa = XCBuildConfiguration;
			buildSettings = {
				ALWAYS_SEARCH_USER_PATHS = NO;
				CLANG_ENABLE_MODULES = YES;
				CLANG_ENABLE_OBJC_ARC = YES;
				COPY_PHASE_STRIP = NO;
				DEBUG_INFORMATION_FORMAT = dwarf;
				ENABLE_STRICT_OBJC_MSGSEND = YES;
				ENABLE_TESTABILITY = YES;
				GCC_C_LANGUAGE_STANDARD = gnu17;
				GCC_OPTIMIZATION_LEVEL = 0;
				MACOSX_DEPLOYMENT_TARGET = 14.0;
				MTL_ENABLE_DEBUG_INFO = INCLUDE_SOURCE;
				ONLY_ACTIVE_ARCH = YES;
				SDKROOT = macosx;
				SWIFT_ACTIVE_COMPILATION_CONDITIONS = "DEBUG $(inherited)";
				SWIFT_OPTIMIZATION_LEVEL = "-Onone";
			};
			name = Debug;
		};
		AA0000000000000000000002 /* Release */ = {
			isa = XCBuildConfiguration;
			buildSettings = {
				ALWAYS_SEARCH_USER_PATHS = NO;
				CLANG_ENABLE_MODULES = YES;
				CLANG_ENABLE_OBJC_ARC = YES;
				COPY_PHASE_STRIP = NO;
				DEBUG_INFORMATION_FORMAT = "dwarf-with-dsym";
				ENABLE_NS_ASSERTIONS = NO;
				ENABLE_STRICT_OBJC_MSGSEND = YES;
				GCC_C_LANGUAGE_STANDARD = gnu17;
				MACOSX_DEPLOYMENT_TARGET = 14.0;
				MTL_ENABLE_DEBUG_INFO = NO;
				SDKROOT = macosx;
				SWIFT_COMPILATION_MODE = wholemodule;
		};
			name = Release;
		};
		AA0000000000000000000003 /* Debug */ = {
			isa = XCBuildConfiguration;
			buildSettings = {
				ASSETCATALOG_COMPILER_APPICON_NAME = AppIcon;
				CODE_SIGN_ENTITLEMENTS = macos/Inflow/Resources/Inflow.entitlements;
				CODE_SIGN_STYLE = Automatic;
				COMBINE_HIDPI_IMAGES = YES;
				CURRENT_PROJECT_VERSION = 1;
				DEAD_CODE_STRIPPING = YES;
				ENABLE_APP_SANDBOX = YES;
				ENABLE_HARDENED_RUNTIME = YES;
				ENABLE_PREVIEWS = YES;
				ENABLE_USER_SCRIPT_SANDBOXING = NO;
				GENERATE_INFOPLIST_FILE = NO;
				HEADER_SEARCH_PATHS = (
					"$(inherited)",
					"$(PROJECT_DIR)/core/include",
				);
				INFLOW_MANUAL_UPDATE_URL = "";
				INFLOW_RELEASE_PROFILE = "development-preview";
				INFLOW_SOURCE_HEAD = "development-unbound";
				INFOPLIST_FILE = macos/Inflow/Resources/Info.plist;
				LD_RUNPATH_SEARCH_PATHS = (
					"$(inherited)",
					"@executable_path/../Frameworks",
				);
				LIBRARY_SEARCH_PATHS = (
					"$(inherited)",
					"$(BUILT_PRODUCTS_DIR)",
				);
				MARKETING_VERSION = 0.1.0;
				OTHER_LDFLAGS = (
					"$(inherited)",
					"-linflow_core",
				);
				PRODUCT_BUNDLE_IDENTIFIER = com.inflow.desktop;
				PRODUCT_NAME = "$(TARGET_NAME)";
				SWIFT_EMIT_LOC_STRINGS = YES;
				SWIFT_OBJC_BRIDGING_HEADER = "macos/Inflow/Inflow-Bridging-Header.h";
				SWIFT_VERSION = 6.0;
			};
			name = Debug;
		};
		AA0000000000000000000004 /* Release */ = {
			isa = XCBuildConfiguration;
			buildSettings = {
				ASSETCATALOG_COMPILER_APPICON_NAME = AppIcon;
				CODE_SIGN_ENTITLEMENTS = macos/Inflow/Resources/Inflow.entitlements;
				CODE_SIGN_STYLE = Automatic;
				COMBINE_HIDPI_IMAGES = YES;
				CURRENT_PROJECT_VERSION = 1;
				DEAD_CODE_STRIPPING = YES;
				ENABLE_APP_SANDBOX = YES;
				ENABLE_HARDENED_RUNTIME = YES;
				ENABLE_PREVIEWS = YES;
				ENABLE_USER_SCRIPT_SANDBOXING = NO;
				GENERATE_INFOPLIST_FILE = NO;
				HEADER_SEARCH_PATHS = (
					"$(inherited)",
					"$(PROJECT_DIR)/core/include",
				);
				INFLOW_MANUAL_UPDATE_URL = "";
				INFLOW_RELEASE_PROFILE = "development-preview";
				INFLOW_SOURCE_HEAD = "development-unbound";
				INFOPLIST_FILE = macos/Inflow/Resources/Info.plist;
				LD_RUNPATH_SEARCH_PATHS = (
					"$(inherited)",
					"@executable_path/../Frameworks",
				);
				LIBRARY_SEARCH_PATHS = (
					"$(inherited)",
					"$(BUILT_PRODUCTS_DIR)",
				);
				MARKETING_VERSION = 0.1.0;
				OTHER_LDFLAGS = (
					"$(inherited)",
					"-linflow_core",
				);
				PRODUCT_BUNDLE_IDENTIFIER = com.inflow.desktop;
				PRODUCT_NAME = "$(TARGET_NAME)";
				SWIFT_EMIT_LOC_STRINGS = YES;
				SWIFT_OBJC_BRIDGING_HEADER = "macos/Inflow/Inflow-Bridging-Header.h";
				SWIFT_VERSION = 6.0;
			};
			name = Release;
		};
		AA0000000000000000000005 /* Debug */ = {
			isa = XCBuildConfiguration;
			buildSettings = {
				BUNDLE_LOADER = "$(TEST_HOST)";
				CODE_SIGN_STYLE = Automatic;
				GENERATE_INFOPLIST_FILE = YES;
				INFOPLIST_KEY_NSPrincipalClass = InflowTestBootstrap;
				HEADER_SEARCH_PATHS = (
					"$(inherited)",
					"$(PROJECT_DIR)/core/include",
				);
				MACOSX_DEPLOYMENT_TARGET = 14.0;
				PRODUCT_BUNDLE_IDENTIFIER = com.inflow.desktop.tests;
				PRODUCT_NAME = "$(TARGET_NAME)";
				SWIFT_VERSION = 6.0;
				TEST_HOST = "$(BUILT_PRODUCTS_DIR)/Inflow.app/Contents/MacOS/Inflow";
			};
			name = Debug;
		};
		AA0000000000000000000006 /* Release */ = {
			isa = XCBuildConfiguration;
			buildSettings = {
				BUNDLE_LOADER = "$(TEST_HOST)";
				CODE_SIGN_STYLE = Automatic;
				GENERATE_INFOPLIST_FILE = YES;
				INFOPLIST_KEY_NSPrincipalClass = InflowTestBootstrap;
				HEADER_SEARCH_PATHS = (
					"$(inherited)",
					"$(PROJECT_DIR)/core/include",
				);
				MACOSX_DEPLOYMENT_TARGET = 14.0;
				PRODUCT_BUNDLE_IDENTIFIER = com.inflow.desktop.tests;
				PRODUCT_NAME = "$(TARGET_NAME)";
				SWIFT_VERSION = 6.0;
				TEST_HOST = "$(BUILT_PRODUCTS_DIR)/Inflow.app/Contents/MacOS/Inflow";
			};
			name = Release;
		};
/* End XCBuildConfiguration section */

/* Begin XCConfigurationList section */
		A90000000000000000000001 /* Build configuration list for PBXProject "Inflow" */ = {
			isa = XCConfigurationList;
			buildConfigurations = (
				AA0000000000000000000001 /* Debug */,
				AA0000000000000000000002 /* Release */,
			);
			defaultConfigurationIsVisible = 0;
			defaultConfigurationName = Release;
		};
		A90000000000000000000002 /* Build configuration list for PBXNativeTarget "Inflow" */ = {
			isa = XCConfigurationList;
			buildConfigurations = (
				AA0000000000000000000003 /* Debug */,
				AA0000000000000000000004 /* Release */,
			);
			defaultConfigurationIsVisible = 0;
			defaultConfigurationName = Release;
		};
		A90000000000000000000003 /* Build configuration list for PBXNativeTarget "InflowTests" */ = {
			isa = XCConfigurationList;
			buildConfigurations = (
				AA0000000000000000000005 /* Debug */,
				AA0000000000000000000006 /* Release */,
			);
			defaultConfigurationIsVisible = 0;
			defaultConfigurationName = Release;
		};
/* End XCConfigurationList section */
	};
	rootObject = A80000000000000000000001 /* Project object */;
}
