// !$*UTF8*$!
{
	archiveVersion = 1;
	classes = {
	};
	objectVersion = 56;
	objects = {

/* Begin PBXBuildFile section */
		A10000000000000000000001 /* InflowApp.swift in Sources */ = {isa = PBXBuildFile; fileRef = A20000000000000000000001 /* InflowApp.swift */; };
		A10000000000000000000002 /* MarkdownEditorView.swift in Sources */ = {isa = PBXBuildFile; fileRef = A20000000000000000000002 /* MarkdownEditorView.swift */; };
		A10000000000000000000003 /* InflowCoreBridge.swift in Sources */ = {isa = PBXBuildFile; fileRef = A20000000000000000000003 /* InflowCoreBridge.swift */; };
		A10000000000000000000004 /* MarkdownDocument.swift in Sources */ = {isa = PBXBuildFile; fileRef = A20000000000000000000006 /* MarkdownDocument.swift */; };
		A10000000000000000000005 /* MarkdownCodec.swift in Sources */ = {isa = PBXBuildFile; fileRef = A20000000000000000000007 /* MarkdownCodec.swift */; };
		A10000000000000000000006 /* MarkdownCodecTests.swift in Sources */ = {isa = PBXBuildFile; fileRef = A2000000000000000000000A /* MarkdownCodecTests.swift */; };
		A10000000000000000000007 /* MarkdownRendererTests.swift in Sources */ = {isa = PBXBuildFile; fileRef = A2000000000000000000000C /* MarkdownRendererTests.swift */; };
		A10000000000000000000008 /* MarkdownRenderer.swift in Sources */ = {isa = PBXBuildFile; fileRef = A2000000000000000000000D /* MarkdownRenderer.swift */; };
		A10000000000000000000009 /* MarkdownPreviewView.swift in Sources */ = {isa = PBXBuildFile; fileRef = A2000000000000000000000E /* MarkdownPreviewView.swift */; };
		A1000000000000000000000A /* WebKit.framework in Frameworks */ = {isa = PBXBuildFile; fileRef = A2000000000000000000000F /* WebKit.framework */; };
		A1000000000000000000000B /* MarkdownAnalyzer.swift in Sources */ = {isa = PBXBuildFile; fileRef = A20000000000000000000010 /* MarkdownAnalyzer.swift */; };
		A1000000000000000000000C /* MarkdownSourceEditor.swift in Sources */ = {isa = PBXBuildFile; fileRef = A20000000000000000000011 /* MarkdownSourceEditor.swift */; };
		A1000000000000000000000D /* DocumentOutlineView.swift in Sources */ = {isa = PBXBuildFile; fileRef = A20000000000000000000012 /* DocumentOutlineView.swift */; };
		A1000000000000000000000E /* MarkdownAnalyzerTests.swift in Sources */ = {isa = PBXBuildFile; fileRef = A20000000000000000000013 /* MarkdownAnalyzerTests.swift */; };
		A1000000000000000000000F /* MarkdownSearcher.swift in Sources */ = {isa = PBXBuildFile; fileRef = A20000000000000000000014 /* MarkdownSearcher.swift */; };
		A10000000000000000000010 /* DocumentFindBar.swift in Sources */ = {isa = PBXBuildFile; fileRef = A20000000000000000000015 /* DocumentFindBar.swift */; };
		A10000000000000000000011 /* DocumentFindCommands.swift in Sources */ = {isa = PBXBuildFile; fileRef = A20000000000000000000016 /* DocumentFindCommands.swift */; };
		A10000000000000000000012 /* MarkdownSearcherTests.swift in Sources */ = {isa = PBXBuildFile; fileRef = A20000000000000000000017 /* MarkdownSearcherTests.swift */; };
		A10000000000000000000013 /* EditorViewModeCommands.swift in Sources */ = {isa = PBXBuildFile; fileRef = A20000000000000000000018 /* EditorViewModeCommands.swift */; };
		A10000000000000000000014 /* EditorViewModeCommandsTests.swift in Sources */ = {isa = PBXBuildFile; fileRef = A20000000000000000000019 /* EditorViewModeCommandsTests.swift */; };
		A10000000000000000000015 /* HTMLExporter.swift in Sources */ = {isa = PBXBuildFile; fileRef = A2000000000000000000001A /* HTMLExporter.swift */; };
		A10000000000000000000016 /* HTMLExportCommands.swift in Sources */ = {isa = PBXBuildFile; fileRef = A2000000000000000000001B /* HTMLExportCommands.swift */; };
		A10000000000000000000017 /* HTMLExporterTests.swift in Sources */ = {isa = PBXBuildFile; fileRef = A2000000000000000000001C /* HTMLExporterTests.swift */; };
/* End PBXBuildFile section */

/* Begin PBXContainerItemProxy section */
		AB0000000000000000000001 /* PBXContainerItemProxy */ = {
			isa = PBXContainerItemProxy;
			containerPortal = A80000000000000000000001 /* Project object */;
			proxyType = 1;
			remoteGlobalIDString = A50000000000000000000001;
			remoteInfo = Inflow;
		};
/* End PBXContainerItemProxy section */

/* Begin PBXFileReference section */
		A20000000000000000000001 /* InflowApp.swift */ = {isa = PBXFileReference; lastKnownFileType = sourcecode.swift; path = InflowApp.swift; sourceTree = "<group>"; };
		A20000000000000000000002 /* MarkdownEditorView.swift */ = {isa = PBXFileReference; lastKnownFileType = sourcecode.swift; path = Editor/MarkdownEditorView.swift; sourceTree = "<group>"; };
		A20000000000000000000003 /* InflowCoreBridge.swift */ = {isa = PBXFileReference; lastKnownFileType = sourcecode.swift; path = InflowCoreBridge.swift; sourceTree = "<group>"; };
		A20000000000000000000004 /* Inflow-Bridging-Header.h */ = {isa = PBXFileReference; lastKnownFileType = sourcecode.c.h; path = "Inflow-Bridging-Header.h"; sourceTree = "<group>"; };
		A20000000000000000000005 /* Inflow.app */ = {isa = PBXFileReference; explicitFileType = wrapper.application; includeInIndex = 0; path = Inflow.app; sourceTree = BUILT_PRODUCTS_DIR; };
		A20000000000000000000006 /* MarkdownDocument.swift */ = {isa = PBXFileReference; lastKnownFileType = sourcecode.swift; path = Document/MarkdownDocument.swift; sourceTree = "<group>"; };
		A20000000000000000000007 /* MarkdownCodec.swift */ = {isa = PBXFileReference; lastKnownFileType = sourcecode.swift; path = Document/MarkdownCodec.swift; sourceTree = "<group>"; };
		A20000000000000000000008 /* Info.plist */ = {isa = PBXFileReference; lastKnownFileType = text.plist.xml; path = Resources/Info.plist; sourceTree = "<group>"; };
		A20000000000000000000009 /* Inflow.entitlements */ = {isa = PBXFileReference; lastKnownFileType = text.plist.entitlements; path = Resources/Inflow.entitlements; sourceTree = "<group>"; };
		A2000000000000000000000A /* MarkdownCodecTests.swift */ = {isa = PBXFileReference; lastKnownFileType = sourcecode.swift; path = MarkdownCodecTests.swift; sourceTree = "<group>"; };
		A2000000000000000000000B /* InflowTests.xctest */ = {isa = PBXFileReference; explicitFileType = wrapper.cfbundle; includeInIndex = 0; path = InflowTests.xctest; sourceTree = BUILT_PRODUCTS_DIR; };
		A2000000000000000000000C /* MarkdownRendererTests.swift */ = {isa = PBXFileReference; lastKnownFileType = sourcecode.swift; path = MarkdownRendererTests.swift; sourceTree = "<group>"; };
		A2000000000000000000000D /* MarkdownRenderer.swift */ = {isa = PBXFileReference; lastKnownFileType = sourcecode.swift; path = Preview/MarkdownRenderer.swift; sourceTree = "<group>"; };
		A2000000000000000000000E /* MarkdownPreviewView.swift */ = {isa = PBXFileReference; lastKnownFileType = sourcecode.swift; path = Preview/MarkdownPreviewView.swift; sourceTree = "<group>"; };
		A2000000000000000000000F /* WebKit.framework */ = {isa = PBXFileReference; lastKnownFileType = wrapper.framework; name = WebKit.framework; path = System/Library/Frameworks/WebKit.framework; sourceTree = SDKROOT; };
		A20000000000000000000010 /* MarkdownAnalyzer.swift */ = {isa = PBXFileReference; lastKnownFileType = sourcecode.swift; path = Analysis/MarkdownAnalyzer.swift; sourceTree = "<group>"; };
		A20000000000000000000011 /* MarkdownSourceEditor.swift */ = {isa = PBXFileReference; lastKnownFileType = sourcecode.swift; path = Editor/MarkdownSourceEditor.swift; sourceTree = "<group>"; };
		A20000000000000000000012 /* DocumentOutlineView.swift */ = {isa = PBXFileReference; lastKnownFileType = sourcecode.swift; path = Outline/DocumentOutlineView.swift; sourceTree = "<group>"; };
		A20000000000000000000013 /* MarkdownAnalyzerTests.swift */ = {isa = PBXFileReference; lastKnownFileType = sourcecode.swift; path = MarkdownAnalyzerTests.swift; sourceTree = "<group>"; };
		A20000000000000000000014 /* MarkdownSearcher.swift */ = {isa = PBXFileReference; lastKnownFileType = sourcecode.swift; path = Search/MarkdownSearcher.swift; sourceTree = "<group>"; };
		A20000000000000000000015 /* DocumentFindBar.swift */ = {isa = PBXFileReference; lastKnownFileType = sourcecode.swift; path = Search/DocumentFindBar.swift; sourceTree = "<group>"; };
		A20000000000000000000016 /* DocumentFindCommands.swift */ = {isa = PBXFileReference; lastKnownFileType = sourcecode.swift; path = Search/DocumentFindCommands.swift; sourceTree = "<group>"; };
		A20000000000000000000017 /* MarkdownSearcherTests.swift */ = {isa = PBXFileReference; lastKnownFileType = sourcecode.swift; path = MarkdownSearcherTests.swift; sourceTree = "<group>"; };
		A20000000000000000000018 /* EditorViewModeCommands.swift */ = {isa = PBXFileReference; lastKnownFileType = sourcecode.swift; path = Editor/EditorViewModeCommands.swift; sourceTree = "<group>"; };
		A20000000000000000000019 /* EditorViewModeCommandsTests.swift */ = {isa = PBXFileReference; lastKnownFileType = sourcecode.swift; path = EditorViewModeCommandsTests.swift; sourceTree = "<group>"; };
		A2000000000000000000001A /* HTMLExporter.swift */ = {isa = PBXFileReference; lastKnownFileType = sourcecode.swift; path = Export/HTMLExporter.swift; sourceTree = "<group>"; };
		A2000000000000000000001B /* HTMLExportCommands.swift */ = {isa = PBXFileReference; lastKnownFileType = sourcecode.swift; path = Export/HTMLExportCommands.swift; sourceTree = "<group>"; };
		A2000000000000000000001C /* HTMLExporterTests.swift */ = {isa = PBXFileReference; lastKnownFileType = sourcecode.swift; path = HTMLExporterTests.swift; sourceTree = "<group>"; };
/* End PBXFileReference section */

/* Begin PBXFrameworksBuildPhase section */
		A30000000000000000000001 /* Frameworks */ = {
			isa = PBXFrameworksBuildPhase;
			buildActionMask = 2147483647;
			files = (
				A1000000000000000000000A /* WebKit.framework in Frameworks */,
			);
			runOnlyForDeploymentPostprocessing = 0;
		};
		A30000000000000000000002 /* Frameworks */ = {
			isa = PBXFrameworksBuildPhase;
			buildActionMask = 2147483647;
			files = (
			);
			runOnlyForDeploymentPostprocessing = 0;
		};
/* End PBXFrameworksBuildPhase section */

/* Begin PBXGroup section */
		A40000000000000000000001 = {
			isa = PBXGroup;
			children = (
				A40000000000000000000002 /* Inflow */,
				A40000000000000000000004 /* InflowTests */,
				A40000000000000000000003 /* Products */,
			);
			sourceTree = "<group>";
		};
		A40000000000000000000002 /* Inflow */ = {
			isa = PBXGroup;
			children = (
				A20000000000000000000001 /* InflowApp.swift */,
				A20000000000000000000002 /* MarkdownEditorView.swift */,
				A20000000000000000000011 /* MarkdownSourceEditor.swift */,
				A20000000000000000000018 /* EditorViewModeCommands.swift */,
				A2000000000000000000001A /* HTMLExporter.swift */,
				A2000000000000000000001B /* HTMLExportCommands.swift */,
				A20000000000000000000006 /* MarkdownDocument.swift */,
				A20000000000000000000007 /* MarkdownCodec.swift */,
				A2000000000000000000000D /* MarkdownRenderer.swift */,
				A2000000000000000000000E /* MarkdownPreviewView.swift */,
				A20000000000000000000010 /* MarkdownAnalyzer.swift */,
				A20000000000000000000012 /* DocumentOutlineView.swift */,
				A20000000000000000000014 /* MarkdownSearcher.swift */,
				A20000000000000000000015 /* DocumentFindBar.swift */,
				A20000000000000000000016 /* DocumentFindCommands.swift */,
				A20000000000000000000003 /* InflowCoreBridge.swift */,
				A20000000000000000000004 /* Inflow-Bridging-Header.h */,
				A20000000000000000000008 /* Info.plist */,
				A20000000000000000000009 /* Inflow.entitlements */,
			);
			path = macos/Inflow;
			sourceTree = "<group>";
		};
		A40000000000000000000003 /* Products */ = {
			isa = PBXGroup;
			children = (
				A20000000000000000000005 /* Inflow.app */,
				A2000000000000000000000B /* InflowTests.xctest */,
			);
			name = Products;
			sourceTree = "<group>";
		};
		A40000000000000000000004 /* InflowTests */ = {
			isa = PBXGroup;
			children = (
				A2000000000000000000000A /* MarkdownCodecTests.swift */,
				A2000000000000000000000C /* MarkdownRendererTests.swift */,
				A20000000000000000000013 /* MarkdownAnalyzerTests.swift */,
				A20000000000000000000017 /* MarkdownSearcherTests.swift */,
				A20000000000000000000019 /* EditorViewModeCommandsTests.swift */,
				A2000000000000000000001C /* HTMLExporterTests.swift */,
			);
			path = macos/InflowTests;
			sourceTree = "<group>";
		};
/* End PBXGroup section */

/* Begin PBXNativeTarget section */
		A50000000000000000000001 /* Inflow */ = {
			isa = PBXNativeTarget;
			buildConfigurationList = A90000000000000000000002 /* Build configuration list for PBXNativeTarget "Inflow" */;
			buildPhases = (
				A70000000000000000000001 /* Build Rust Core */,
				A60000000000000000000001 /* Sources */,
				A30000000000000000000001 /* Frameworks */,
				A60000000000000000000002 /* Resources */,
			);
			buildRules = (
			);
			dependencies = (
			);
			name = Inflow;
			productName = Inflow;
			productReference = A20000000000000000000005 /* Inflow.app */;
			productType = "com.apple.product-type.application";
		};
		A50000000000000000000002 /* InflowTests */ = {
			isa = PBXNativeTarget;
			buildConfigurationList = A90000000000000000000003 /* Build configuration list for PBXNativeTarget "InflowTests" */;
			buildPhases = (
				A60000000000000000000003 /* Sources */,
				A30000000000000000000002 /* Frameworks */,
				A60000000000000000000004 /* Resources */,
			);
			buildRules = (
			);
			dependencies = (
				AB0000000000000000000002 /* PBXTargetDependency */,
			);
			name = InflowTests;
			productName = InflowTests;
			productReference = A2000000000000000000000B /* InflowTests.xctest */;
			productType = "com.apple.product-type.bundle.unit-test";
		};
/* End PBXNativeTarget section */

/* Begin PBXProject section */
		A80000000000000000000001 /* Project object */ = {
			isa = PBXProject;
			attributes = {
				BuildIndependentTargetsInParallel = 1;
				LastSwiftUpdateCheck = 2660;
				LastUpgradeCheck = 2660;
				TargetAttributes = {
					A50000000000000000000001 = {
						CreatedOnToolsVersion = 26.6;
					};
					A50000000000000000000002 = {
						CreatedOnToolsVersion = 26.6;
						TestTargetID = A50000000000000000000001;
					};
				};
			};
			buildConfigurationList = A90000000000000000000001 /* Build configuration list for PBXProject "Inflow" */;
			compatibilityVersion = "Xcode 14.0";
			developmentRegion = zh_Hans;
			hasScannedForEncodings = 0;
			knownRegions = (
				en,
				Base,
				zh_Hans,
			);
			mainGroup = A40000000000000000000001;
			productRefGroup = A40000000000000000000003 /* Products */;
			projectDirPath = "";
			projectRoot = "";
			targets = (
				A50000000000000000000001 /* Inflow */,
				A50000000000000000000002 /* InflowTests */,
			);
		};
/* End PBXProject section */

/* Begin PBXResourcesBuildPhase section */
		A60000000000000000000002 /* Resources */ = {
			isa = PBXResourcesBuildPhase;
			buildActionMask = 2147483647;
			files = (
			);
			runOnlyForDeploymentPostprocessing = 0;
		};
		A60000000000000000000004 /* Resources */ = {
			isa = PBXResourcesBuildPhase;
			buildActionMask = 2147483647;
			files = (
			);
			runOnlyForDeploymentPostprocessing = 0;
		};
/* End PBXResourcesBuildPhase section */

/* Begin PBXShellScriptBuildPhase section */
		A70000000000000000000001 /* Build Rust Core */ = {
			isa = PBXShellScriptBuildPhase;
			alwaysOutOfDate = 1;
			buildActionMask = 2147483647;
			files = (
			);
			inputFileListPaths = (
			);
			inputPaths = (
				"$(PROJECT_DIR)/core/Cargo.toml",
				"$(PROJECT_DIR)/core/Cargo.lock",
				"$(PROJECT_DIR)/core/src/analysis.rs",
				"$(PROJECT_DIR)/core/src/document.rs",
				"$(PROJECT_DIR)/core/src/export.rs",
				"$(PROJECT_DIR)/core/src/ffi.rs",
				"$(PROJECT_DIR)/core/src/lib.rs",
				"$(PROJECT_DIR)/core/src/render.rs",
				"$(PROJECT_DIR)/core/src/search.rs",
				"$(PROJECT_DIR)/rust-toolchain.toml",
				"$(PROJECT_DIR)/scripts/build-rust.sh",
			);
			name = "Build Rust Core";
			outputFileListPaths = (
			);
			outputPaths = (
				"$(BUILT_PRODUCTS_DIR)/libinflow_core.a",
			);
			runOnlyForDeploymentPostprocessing = 0;
			shellPath = /bin/sh;
			shellScript = "\"$PROJECT_DIR/scripts/build-rust.sh\"\n";
		};
/* End PBXShellScriptBuildPhase section */

/* Begin PBXSourcesBuildPhase section */
		A60000000000000000000001 /* Sources */ = {
			isa = PBXSourcesBuildPhase;
			buildActionMask = 2147483647;
			files = (
				A10000000000000000000001 /* InflowApp.swift in Sources */,
				A10000000000000000000002 /* MarkdownEditorView.swift in Sources */,
				A10000000000000000000003 /* InflowCoreBridge.swift in Sources */,
				A10000000000000000000004 /* MarkdownDocument.swift in Sources */,
				A10000000000000000000005 /* MarkdownCodec.swift in Sources */,
				A10000000000000000000008 /* MarkdownRenderer.swift in Sources */,
				A10000000000000000000009 /* MarkdownPreviewView.swift in Sources */,
				A1000000000000000000000B /* MarkdownAnalyzer.swift in Sources */,
				A1000000000000000000000C /* MarkdownSourceEditor.swift in Sources */,
				A1000000000000000000000D /* DocumentOutlineView.swift in Sources */,
				A1000000000000000000000F /* MarkdownSearcher.swift in Sources */,
				A10000000000000000000010 /* DocumentFindBar.swift in Sources */,
				A10000000000000000000011 /* DocumentFindCommands.swift in Sources */,
				A10000000000000000000013 /* EditorViewModeCommands.swift in Sources */,
				A10000000000000000000015 /* HTMLExporter.swift in Sources */,
				A10000000000000000000016 /* HTMLExportCommands.swift in Sources */,
			);
			runOnlyForDeploymentPostprocessing = 0;
		};
		A60000000000000000000003 /* Sources */ = {
			isa = PBXSourcesBuildPhase;
			buildActionMask = 2147483647;
			files = (
				A10000000000000000000006 /* MarkdownCodecTests.swift in Sources */,
				A10000000000000000000007 /* MarkdownRendererTests.swift in Sources */,
				A1000000000000000000000E /* MarkdownAnalyzerTests.swift in Sources */,
				A10000000000000000000012 /* MarkdownSearcherTests.swift in Sources */,
				A10000000000000000000014 /* EditorViewModeCommandsTests.swift in Sources */,
				A10000000000000000000017 /* HTMLExporterTests.swift in Sources */,
			);
			runOnlyForDeploymentPostprocessing = 0;
		};
/* End PBXSourcesBuildPhase section */

/* Begin PBXTargetDependency section */
		AB0000000000000000000002 /* PBXTargetDependency */ = {
			isa = PBXTargetDependency;
			target = A50000000000000000000001 /* Inflow */;
			targetProxy = AB0000000000000000000001 /* PBXContainerItemProxy */;
		};
/* End PBXTargetDependency section */

/* Begin XCBuildConfiguration section */
		AA0000000000000000000001 /* Debug */ = {
			isa = XCBuildConfiguration;
			buildSettings = {
				ALWAYS_SEARCH_USER_PATHS = NO;
				CLANG_ENABLE_MODULES = YES;
				CLANG_ENABLE_OBJC_ARC = YES;
				COPY_PHASE_STRIP = NO;
				DEBUG_INFORMATION_FORMAT = dwarf;
				ENABLE_STRICT_OBJC_MSGSEND = YES;
				ENABLE_TESTABILITY = YES;
				GCC_C_LANGUAGE_STANDARD = gnu17;
				GCC_OPTIMIZATION_LEVEL = 0;
				MACOSX_DEPLOYMENT_TARGET = 14.0;
				MTL_ENABLE_DEBUG_INFO = INCLUDE_SOURCE;
				ONLY_ACTIVE_ARCH = YES;
				SDKROOT = macosx;
				SWIFT_ACTIVE_COMPILATION_CONDITIONS = "DEBUG $(inherited)";
				SWIFT_OPTIMIZATION_LEVEL = "-Onone";
			};
			name = Debug;
		};
		AA0000000000000000000002 /* Release */ = {
			isa = XCBuildConfiguration;
			buildSettings = {
				ALWAYS_SEARCH_USER_PATHS = NO;
				CLANG_ENABLE_MODULES = YES;
				CLANG_ENABLE_OBJC_ARC = YES;
				COPY_PHASE_STRIP = NO;
				DEBUG_INFORMATION_FORMAT = "dwarf-with-dsym";
				ENABLE_NS_ASSERTIONS = NO;
				ENABLE_STRICT_OBJC_MSGSEND = YES;
				GCC_C_LANGUAGE_STANDARD = gnu17;
				MACOSX_DEPLOYMENT_TARGET = 14.0;
				MTL_ENABLE_DEBUG_INFO = NO;
				SDKROOT = macosx;
				SWIFT_COMPILATION_MODE = wholemodule;
		};
			name = Release;
		};
		AA0000000000000000000003 /* Debug */ = {
			isa = XCBuildConfiguration;
			buildSettings = {
				ARCHS = arm64;
				CODE_SIGN_ENTITLEMENTS = macos/Inflow/Resources/Inflow.entitlements;
				CODE_SIGN_STYLE = Automatic;
				COMBINE_HIDPI_IMAGES = YES;
				CURRENT_PROJECT_VERSION = 1;
				DEAD_CODE_STRIPPING = YES;
				ENABLE_APP_SANDBOX = YES;
				ENABLE_HARDENED_RUNTIME = YES;
				ENABLE_PREVIEWS = YES;
				ENABLE_USER_SCRIPT_SANDBOXING = NO;
				GENERATE_INFOPLIST_FILE = NO;
				HEADER_SEARCH_PATHS = (
					"$(inherited)",
					"$(PROJECT_DIR)/core/include",
				);
				INFOPLIST_FILE = macos/Inflow/Resources/Info.plist;
				LD_RUNPATH_SEARCH_PATHS = (
					"$(inherited)",
					"@executable_path/../Frameworks",
				);
				LIBRARY_SEARCH_PATHS = (
					"$(inherited)",
					"$(BUILT_PRODUCTS_DIR)",
				);
				MARKETING_VERSION = 0.1.0;
				OTHER_LDFLAGS = (
					"$(inherited)",
					"-linflow_core",
				);
				PRODUCT_BUNDLE_IDENTIFIER = com.inflow.desktop;
				PRODUCT_NAME = "$(TARGET_NAME)";
				SWIFT_EMIT_LOC_STRINGS = YES;
				SWIFT_OBJC_BRIDGING_HEADER = "macos/Inflow/Inflow-Bridging-Header.h";
				SWIFT_VERSION = 6.0;
			};
			name = Debug;
		};
		AA0000000000000000000004 /* Release */ = {
			isa = XCBuildConfiguration;
			buildSettings = {
				ARCHS = arm64;
				CODE_SIGN_ENTITLEMENTS = macos/Inflow/Resources/Inflow.entitlements;
				CODE_SIGN_STYLE = Automatic;
				COMBINE_HIDPI_IMAGES = YES;
				CURRENT_PROJECT_VERSION = 1;
				DEAD_CODE_STRIPPING = YES;
				ENABLE_APP_SANDBOX = YES;
				ENABLE_HARDENED_RUNTIME = YES;
				ENABLE_PREVIEWS = YES;
				ENABLE_USER_SCRIPT_SANDBOXING = NO;
				GENERATE_INFOPLIST_FILE = NO;
				HEADER_SEARCH_PATHS = (
					"$(inherited)",
					"$(PROJECT_DIR)/core/include",
				);
				INFOPLIST_FILE = macos/Inflow/Resources/Info.plist;
				LD_RUNPATH_SEARCH_PATHS = (
					"$(inherited)",
					"@executable_path/../Frameworks",
				);
				LIBRARY_SEARCH_PATHS = (
					"$(inherited)",
					"$(BUILT_PRODUCTS_DIR)",
				);
				MARKETING_VERSION = 0.1.0;
				OTHER_LDFLAGS = (
					"$(inherited)",
					"-linflow_core",
				);
				PRODUCT_BUNDLE_IDENTIFIER = com.inflow.desktop;
				PRODUCT_NAME = "$(TARGET_NAME)";
				SWIFT_EMIT_LOC_STRINGS = YES;
				SWIFT_OBJC_BRIDGING_HEADER = "macos/Inflow/Inflow-Bridging-Header.h";
				SWIFT_VERSION = 6.0;
			};
			name = Release;
		};
		AA0000000000000000000005 /* Debug */ = {
			isa = XCBuildConfiguration;
			buildSettings = {
				ARCHS = arm64;
				BUNDLE_LOADER = "$(TEST_HOST)";
				CODE_SIGN_STYLE = Automatic;
				GENERATE_INFOPLIST_FILE = YES;
				HEADER_SEARCH_PATHS = (
					"$(inherited)",
					"$(PROJECT_DIR)/core/include",
				);
				MACOSX_DEPLOYMENT_TARGET = 14.0;
				PRODUCT_BUNDLE_IDENTIFIER = com.inflow.desktop.tests;
				PRODUCT_NAME = "$(TARGET_NAME)";
				SWIFT_VERSION = 6.0;
				TEST_HOST = "$(BUILT_PRODUCTS_DIR)/Inflow.app/Contents/MacOS/Inflow";
			};
			name = Debug;
		};
		AA0000000000000000000006 /* Release */ = {
			isa = XCBuildConfiguration;
			buildSettings = {
				ARCHS = arm64;
				BUNDLE_LOADER = "$(TEST_HOST)";
				CODE_SIGN_STYLE = Automatic;
				GENERATE_INFOPLIST_FILE = YES;
				HEADER_SEARCH_PATHS = (
					"$(inherited)",
					"$(PROJECT_DIR)/core/include",
				);
				MACOSX_DEPLOYMENT_TARGET = 14.0;
				PRODUCT_BUNDLE_IDENTIFIER = com.inflow.desktop.tests;
				PRODUCT_NAME = "$(TARGET_NAME)";
				SWIFT_VERSION = 6.0;
				TEST_HOST = "$(BUILT_PRODUCTS_DIR)/Inflow.app/Contents/MacOS/Inflow";
			};
			name = Release;
		};
/* End XCBuildConfiguration section */

/* Begin XCConfigurationList section */
		A90000000000000000000001 /* Build configuration list for PBXProject "Inflow" */ = {
			isa = XCConfigurationList;
			buildConfigurations = (
				AA0000000000000000000001 /* Debug */,
				AA0000000000000000000002 /* Release */,
			);
			defaultConfigurationIsVisible = 0;
			defaultConfigurationName = Release;
		};
		A90000000000000000000002 /* Build configuration list for PBXNativeTarget "Inflow" */ = {
			isa = XCConfigurationList;
			buildConfigurations = (
				AA0000000000000000000003 /* Debug */,
				AA0000000000000000000004 /* Release */,
			);
			defaultConfigurationIsVisible = 0;
			defaultConfigurationName = Release;
		};
		A90000000000000000000003 /* Build configuration list for PBXNativeTarget "InflowTests" */ = {
			isa = XCConfigurationList;
			buildConfigurations = (
				AA0000000000000000000005 /* Debug */,
				AA0000000000000000000006 /* Release */,
			);
			defaultConfigurationIsVisible = 0;
			defaultConfigurationName = Release;
		};
/* End XCConfigurationList section */
	};
	rootObject = A80000000000000000000001 /* Project object */;
}
